// !$*UTF8*$!
{
	archiveVersion = 1;
	classes = {
	};
	objectVersion = 46;
	objects = {

/* Begin PBXBuildFile section */
		0A5E815D9C8C598A073FDE8AC481E54D /* SpoonjoyRecipeCookbookEntities.swift in Sources */ = {isa = PBXBuildFile; fileRef = F5AD72D7622F19DB061EC3F7591B4FEC /* SpoonjoyRecipeCookbookEntities.swift */; };
		0A769F8747E22F860CD200C7852DEBF6 /* SignedOutSetupView.swift in Sources */ = {isa = PBXBuildFile; fileRef = 28CAE75F8C6CA33D184F9C4906FF6543 /* SignedOutSetupView.swift */; };
		0C87D3FAFDC123D735147828068DA839 /* SettingsView.swift in Sources */ = {isa = PBXBuildFile; fileRef = 6AA377E43A5B2462989CDC5934FB0FB0 /* SettingsView.swift */; };
		107B7649D8F1A95BE4071D25289A0809 /* KitchenSafeControls.swift in Sources */ = {isa = PBXBuildFile; fileRef = 5B4D5841CC06DCF98EC51266C3FB63C2 /* KitchenSafeControls.swift */; };
		1267BB00A0355576A4A4A2CF4F456F8C /* SpoonjoyCaptureDraftEntities.swift in Sources */ = {isa = PBXBuildFile; fileRef = FE8A5FF0C3C902EEBF403039D6268CDE /* SpoonjoyCaptureDraftEntities.swift */; };
		1897BE67850AE66CD3FE616B3B546A44 /* PlatformNavigationView.swift in Sources */ = {isa = PBXBuildFile; fileRef = 582B0D95E7EA19BA30CFF2BF9357714E /* PlatformNavigationView.swift */; };
		18E0940A59D3E180B5C4593427079E0F /* ShoppingListView.swift in Sources */ = {isa = PBXBuildFile; fileRef = 4908D57E5CE69E6C9AFB8D9F8BA4FB53 /* ShoppingListView.swift */; };
		1941869FE80A815DC88BCC502DB2BF0E /* SpoonjoySpoonEntities.swift in Sources */ = {isa = PBXBuildFile; fileRef = CEC5092B2CEE03007B49110DD4BA7D7F /* SpoonjoySpoonEntities.swift */; };
		1BD4AC4FD0F034EE45344FB3CE22ED2C /* SpoonjoyApp.swift in Sources */ = {isa = PBXBuildFile; fileRef = AD0F6190AF73679B5479F3B6BE599EFD /* SpoonjoyApp.swift */; };
		1EEE947F78200BCCBE4D7DDF502AF998 /* RecipeCoverImage.swift in Sources */ = {isa = PBXBuildFile; fileRef = 163A4AF6F362E3A2DEF4B4A13DC8A404 /* RecipeCoverImage.swift */; };
		1FC526B13F23F449843E2DDC74F8C152 /* RecipeCoverControlsView.swift in Sources */ = {isa = PBXBuildFile; fileRef = AD37E6AF286E7B82936F39F46C82B076 /* RecipeCoverControlsView.swift */; };
		28C5599C49277704452AD6E54A3F6D25 /* SearchView.swift in Sources */ = {isa = PBXBuildFile; fileRef = B971C3E421EC955752143E1414D6D282 /* SearchView.swift */; };
		295944FF84578AC893DAD80C3A33DB0D /* SpoonjoyCore in Frameworks */ = {isa = PBXBuildFile; productRef = B1F59A47545737EAF9625C2D611CF161 /* SpoonjoyCore */; };
		2E0863E99A6F86BD22CD1AF063861030 /* KitchenView.swift in Sources */ = {isa = PBXBuildFile; fileRef = 586065794BDD9A55E80F9027C58D2262 /* KitchenView.swift */; };
		2E1B6F4D7C4903524F786AC411E90B17 /* CookbooksView.swift in Sources */ = {isa = PBXBuildFile; fileRef = 162CBF36ACC6B6805EA3033BC44A0ED9 /* CookbooksView.swift */; };
		2E680ADF83E09DA8F6060B6A8AB0C33F /* SpoonjoyShoppingEntities.swift in Sources */ = {isa = PBXBuildFile; fileRef = 79E502EF6C8BE66ACC67AB9B302A82B1 /* SpoonjoyShoppingEntities.swift */; };
		2EE340B9D67944CFEA2E3535232F6D01 /* Assets.xcassets in Resources */ = {isa = PBXBuildFile; fileRef = 614039A2B62BDA4241E0A6A8DFAF0EF0 /* Assets.xcassets */; };
		2F78F6863A511F4395A1F9363D14BBCB /* SpoonjoyApp.swift in Sources */ = {isa = PBXBuildFile; fileRef = AD0F6190AF73679B5479F3B6BE599EFD /* SpoonjoyApp.swift */; };
		3359BC7C8A545D1B24B0FAB075FB23AD /* SpoonjoyWebAuthenticationSession.swift in Sources */ = {isa = PBXBuildFile; fileRef = 8497F8135E4FF71D9744875C959B2D84 /* SpoonjoyWebAuthenticationSession.swift */; };
		381C9FA180E0225007E7B5E08F2B5F98 /* RecipeCoverImage.swift in Sources */ = {isa = PBXBuildFile; fileRef = 163A4AF6F362E3A2DEF4B4A13DC8A404 /* RecipeCoverImage.swift */; };
		39FB9761D48201E86DA2F02CD7EC277F /* SpoonjoyRecipeCookbookEntities.swift in Sources */ = {isa = PBXBuildFile; fileRef = F5AD72D7622F19DB061EC3F7591B4FEC /* SpoonjoyRecipeCookbookEntities.swift */; };
		3C62FFAC76EDAD0D5B6D426427AE5787 /* ReceiptListView.swift in Sources */ = {isa = PBXBuildFile; fileRef = 7EB2DF2AF1EBD5AF5EB9CA42EABFC2B5 /* ReceiptListView.swift */; };
		418156710ADDCC612E9A0F07E8AD6A63 /* OfflineStatusView.swift in Sources */ = {isa = PBXBuildFile; fileRef = 6B2516D355849E1C14A2B8434F48FCC7 /* OfflineStatusView.swift */; };
		42258FBE265EB9E1E6FA71BF6088D7A0 /* SpoonCookLogView.swift in Sources */ = {isa = PBXBuildFile; fileRef = 573127D6375F87775653BF951C8573F5 /* SpoonCookLogView.swift */; };
		453003D49FD2B25E8AB35F92533C57D8 /* SpoonjoyCaptureDraftEntities.swift in Sources */ = {isa = PBXBuildFile; fileRef = FE8A5FF0C3C902EEBF403039D6268CDE /* SpoonjoyCaptureDraftEntities.swift */; };
		464B96B63A18C4898E2EA9EEF7177762 /* SpoonjoyRootView.swift in Sources */ = {isa = PBXBuildFile; fileRef = 21103979610089765C774A202AB7C675 /* SpoonjoyRootView.swift */; };
		49F3D51ADEE0DF06FA63CE6586C131CD /* NotificationAPNsDeviceBridge.swift in Sources */ = {isa = PBXBuildFile; fileRef = E27FE6C604F7A54D3915403125C51C36 /* NotificationAPNsDeviceBridge.swift */; };
		4A4CA739B8046068F826DB5F371D6E9C /* RecipeCoverControlsView.swift in Sources */ = {isa = PBXBuildFile; fileRef = AD37E6AF286E7B82936F39F46C82B076 /* RecipeCoverControlsView.swift */; };
		4B0313014CF64FFA7C859A9ED2740875 /* SignedOutSetupView.swift in Sources */ = {isa = PBXBuildFile; fileRef = 28CAE75F8C6CA33D184F9C4906FF6543 /* SignedOutSetupView.swift */; };
		4C117977E493736B8660800CF087F7B7 /* RecipeDetailView.swift in Sources */ = {isa = PBXBuildFile; fileRef = 152340339217922E72F603BB05291080 /* RecipeDetailView.swift */; };
		50FE2945F2842721A74ED7A851C009BB /* SpoonjoyAppIntents.swift in Sources */ = {isa = PBXBuildFile; fileRef = 79A5F5CE06B7D33EE24FFF503F44E8FC /* SpoonjoyAppIntents.swift */; };
		5A5853FAA4D0CBC6BC99899D0DE03405 /* RecipeEditorView.swift in Sources */ = {isa = PBXBuildFile; fileRef = F1B4C27D8AA136F79C617E868109272F /* RecipeEditorView.swift */; };
		5B5BC46A9EC9FFDCD3EE68B2EC81851C /* NotificationAPNsSettingsView.swift in Sources */ = {isa = PBXBuildFile; fileRef = 6C31D894EBAAB1E1EF77B1BFD7A7F3CC /* NotificationAPNsSettingsView.swift */; };
		641DCC3AE50BD43AEEAAB3A68F6457C5 /* SearchView.swift in Sources */ = {isa = PBXBuildFile; fileRef = B971C3E421EC955752143E1414D6D282 /* SearchView.swift */; };
		6E2B496AF7AF173F8923D2B994ED98A3 /* SpoonjoySpoonEntities.swift in Sources */ = {isa = PBXBuildFile; fileRef = CEC5092B2CEE03007B49110DD4BA7D7F /* SpoonjoySpoonEntities.swift */; };
		73C9E91778C2A5F2A81AD474E86E641E /* NotificationAPNsSettingsView.swift in Sources */ = {isa = PBXBuildFile; fileRef = 6C31D894EBAAB1E1EF77B1BFD7A7F3CC /* NotificationAPNsSettingsView.swift */; };
		7478C062A8DB73DB80D754189CA36E56 /* SpoonjoyRootView.swift in Sources */ = {isa = PBXBuildFile; fileRef = 21103979610089765C774A202AB7C675 /* SpoonjoyRootView.swift */; };
		76584CB0D18E0F92F0BA5D73EAF5AF35 /* SpoonjoyiOSApp.swift in Sources */ = {isa = PBXBuildFile; fileRef = 4A005E0C408A4C6C943F7C297D2EB64F /* SpoonjoyiOSApp.swift */; };
		7712BECCFEC47E8ABCD2AACE047E373C /* CaptureDraftView.swift in Sources */ = {isa = PBXBuildFile; fileRef = E3344EDDB9FAA25B7FF1E321224B2CEA /* CaptureDraftView.swift */; };
		78128789F9CF10CA2DC8C6B913F45D85 /* RecipesView.swift in Sources */ = {isa = PBXBuildFile; fileRef = 27C8D221B4FFAF8240F1BD528AA1A4B0 /* RecipesView.swift */; };
		7A4CBAA780AE6A6EAD3DB6B6902B47E1 /* OfflineStatusView.swift in Sources */ = {isa = PBXBuildFile; fileRef = 6B2516D355849E1C14A2B8434F48FCC7 /* OfflineStatusView.swift */; };
		7B06D06B843EE580DDFE21F05E4FEB65 /* ShoppingListView.swift in Sources */ = {isa = PBXBuildFile; fileRef = 4908D57E5CE69E6C9AFB8D9F8BA4FB53 /* ShoppingListView.swift */; };
		889228BB192C4798B7D212B7D5F7EE36 /* ShareActions.swift in Sources */ = {isa = PBXBuildFile; fileRef = 933C583D651A04F0ABB0042B66B110B1 /* ShareActions.swift */; };
		88DC6D62F6A171C03F490630CF5135A5 /* SpoonjoyCore in Frameworks */ = {isa = PBXBuildFile; productRef = 5ECEAD511E3A024B617963FEFB1EFAA3 /* SpoonjoyCore */; };
		88E0EFC0084F1B135004771E9DF73D15 /* SpoonjoySpotlightIndexer.swift in Sources */ = {isa = PBXBuildFile; fileRef = 8FF64126E0B5A0250BE390F7ECDCD411 /* SpoonjoySpotlightIndexer.swift */; };
		8B6C5CB9AC561EA24CE860510FEE8DE1 /* KitchenSafeControls.swift in Sources */ = {isa = PBXBuildFile; fileRef = 5B4D5841CC06DCF98EC51266C3FB63C2 /* KitchenSafeControls.swift */; };
		9076F80E6A70B85E1C0970AB772AD2E3 /* PlatformNavigationView.swift in Sources */ = {isa = PBXBuildFile; fileRef = 582B0D95E7EA19BA30CFF2BF9357714E /* PlatformNavigationView.swift */; };
		964A84193223A558FFAA613888432361 /* SpoonjoySpotlightIndexer.swift in Sources */ = {isa = PBXBuildFile; fileRef = 8FF64126E0B5A0250BE390F7ECDCD411 /* SpoonjoySpotlightIndexer.swift */; };
		97D6259CB632F60C17DF1BFCC5B1ACC1 /* CookModeView.swift in Sources */ = {isa = PBXBuildFile; fileRef = BE047DD308C10DF3F2FCC90A2B08D97A /* CookModeView.swift */; };
		99F044403FB55723CB12205BF2A7737C /* ShareActions.swift in Sources */ = {isa = PBXBuildFile; fileRef = 933C583D651A04F0ABB0042B66B110B1 /* ShareActions.swift */; };
		A0552A6BCB7AD6A00B0FCFD2E6266D8A /* RecipeEditorView.swift in Sources */ = {isa = PBXBuildFile; fileRef = F1B4C27D8AA136F79C617E868109272F /* RecipeEditorView.swift */; };
		A6C037E5ACD75A386EB1CE9D77872CAF /* Assets.xcassets in Resources */ = {isa = PBXBuildFile; fileRef = 614039A2B62BDA4241E0A6A8DFAF0EF0 /* Assets.xcassets */; };
		A7780AB1C840EE572E3756C57AD7B9E0 /* SpoonjoyToolbar.swift in Sources */ = {isa = PBXBuildFile; fileRef = 5F71FD026CFA1C7B8B538F375CECB9EE /* SpoonjoyToolbar.swift */; };
		A7E7F2C46F1106613AA5866F1D0F73D1 /* SpoonjoyWebAuthenticationSession.swift in Sources */ = {isa = PBXBuildFile; fileRef = 8497F8135E4FF71D9744875C959B2D84 /* SpoonjoyWebAuthenticationSession.swift */; };
		AC3E8462795D1A0E5C57AA0484E54D24 /* ReceiptListView.swift in Sources */ = {isa = PBXBuildFile; fileRef = 7EB2DF2AF1EBD5AF5EB9CA42EABFC2B5 /* ReceiptListView.swift */; };
		ADB30B3C9A3AED18107CED42895FD24A /* KitchenTableTheme.swift in Sources */ = {isa = PBXBuildFile; fileRef = 2A337950FD7823402C39E447DEE27D70 /* KitchenTableTheme.swift */; };
		B212AE2660582D938DE47635A5A846EB /* ProfileView.swift in Sources */ = {isa = PBXBuildFile; fileRef = B344E0E1FEBBDDA4A8C486B76CED8A03 /* ProfileView.swift */; };
		C0047C316CB57AF2CE6C2C5695EA143E /* SettingsView.swift in Sources */ = {isa = PBXBuildFile; fileRef = 6AA377E43A5B2462989CDC5934FB0FB0 /* SettingsView.swift */; };
		C2926DF2E0457E89B63C9D924CDD1AA7 /* SpoonjoyMacApp.swift in Sources */ = {isa = PBXBuildFile; fileRef = 5D3F08622F93CDB5AB6EB1CFBEEC3E86 /* SpoonjoyMacApp.swift */; };
		C5847A1BB44D468FDEAD68D1F0AD058E /* SpoonCookLogView.swift in Sources */ = {isa = PBXBuildFile; fileRef = 573127D6375F87775653BF951C8573F5 /* SpoonCookLogView.swift */; };
		C73535B4D2ADD6DDA2B9381D800C7AA0 /* CookModeView.swift in Sources */ = {isa = PBXBuildFile; fileRef = BE047DD308C10DF3F2FCC90A2B08D97A /* CookModeView.swift */; };
		CD085428E3C386B3907180413EE912BE /* ProfileView.swift in Sources */ = {isa = PBXBuildFile; fileRef = B344E0E1FEBBDDA4A8C486B76CED8A03 /* ProfileView.swift */; };
		D827153BDFB4C5B051FC4B6249D77BE0 /* SpoonjoyShoppingEntities.swift in Sources */ = {isa = PBXBuildFile; fileRef = 79E502EF6C8BE66ACC67AB9B302A82B1 /* SpoonjoyShoppingEntities.swift */; };
		D87053D17ADD1DC8DA22D4D28A96D8E3 /* KitchenTableTheme.swift in Sources */ = {isa = PBXBuildFile; fileRef = 2A337950FD7823402C39E447DEE27D70 /* KitchenTableTheme.swift */; };
		DAD5DB8407B1CC5351E3595C45EF7FAF /* KitchenView.swift in Sources */ = {isa = PBXBuildFile; fileRef = 586065794BDD9A55E80F9027C58D2262 /* KitchenView.swift */; };
		DE323AB13BA4FE9E10AA9DF0792E3BF6 /* CookbooksView.swift in Sources */ = {isa = PBXBuildFile; fileRef = 162CBF36ACC6B6805EA3033BC44A0ED9 /* CookbooksView.swift */; };
		E54FFB5E1998223B67F0196B2644CF42 /* SpoonjoyAppIntents.swift in Sources */ = {isa = PBXBuildFile; fileRef = 79A5F5CE06B7D33EE24FFF503F44E8FC /* SpoonjoyAppIntents.swift */; };
		E56F5CB61E044864AFA950D307E07DCE /* RecipesView.swift in Sources */ = {isa = PBXBuildFile; fileRef = 27C8D221B4FFAF8240F1BD528AA1A4B0 /* RecipesView.swift */; };
		F167475DACC538B7DC891D9145D72B7A /* NotificationAPNsDeviceBridge.swift in Sources */ = {isa = PBXBuildFile; fileRef = E27FE6C604F7A54D3915403125C51C36 /* NotificationAPNsDeviceBridge.swift */; };
		F84CE2751B1CD126CAC95AEBC578F1C4 /* RecipeDetailView.swift in Sources */ = {isa = PBXBuildFile; fileRef = 152340339217922E72F603BB05291080 /* RecipeDetailView.swift */; };
		FB37699D63E0B236618579A362C823C6 /* CaptureDraftView.swift in Sources */ = {isa = PBXBuildFile; fileRef = E3344EDDB9FAA25B7FF1E321224B2CEA /* CaptureDraftView.swift */; };
		FB61D9D05A8556BDFF7F6A74560F71BE /* SpoonjoyToolbar.swift in Sources */ = {isa = PBXBuildFile; fileRef = 5F71FD026CFA1C7B8B538F375CECB9EE /* SpoonjoyToolbar.swift */; };
/* End PBXBuildFile section */

/* Begin PBXFileReference section */
		152340339217922E72F603BB05291080 /* RecipeDetailView.swift */ = {isa = PBXFileReference; includeInIndex = 1; lastKnownFileType = sourcecode.swift; path = RecipeDetailView.swift; sourceTree = "<group>"; };
		162CBF36ACC6B6805EA3033BC44A0ED9 /* CookbooksView.swift */ = {isa = PBXFileReference; includeInIndex = 1; lastKnownFileType = sourcecode.swift; path = CookbooksView.swift; sourceTree = "<group>"; };
		163A4AF6F362E3A2DEF4B4A13DC8A404 /* RecipeCoverImage.swift */ = {isa = PBXFileReference; includeInIndex = 1; lastKnownFileType = sourcecode.swift; path = RecipeCoverImage.swift; sourceTree = "<group>"; };
		21103979610089765C774A202AB7C675 /* SpoonjoyRootView.swift */ = {isa = PBXFileReference; includeInIndex = 1; lastKnownFileType = sourcecode.swift; path = SpoonjoyRootView.swift; sourceTree = "<group>"; };
		27C8D221B4FFAF8240F1BD528AA1A4B0 /* RecipesView.swift */ = {isa = PBXFileReference; includeInIndex = 1; lastKnownFileType = sourcecode.swift; path = RecipesView.swift; sourceTree = "<group>"; };
		28CAE75F8C6CA33D184F9C4906FF6543 /* SignedOutSetupView.swift */ = {isa = PBXFileReference; includeInIndex = 1; lastKnownFileType = sourcecode.swift; path = SignedOutSetupView.swift; sourceTree = "<group>"; };
		2A337950FD7823402C39E447DEE27D70 /* KitchenTableTheme.swift */ = {isa = PBXFileReference; includeInIndex = 1; lastKnownFileType = sourcecode.swift; path = KitchenTableTheme.swift; sourceTree = "<group>"; };
		2E4D205787348B54CEE9FA6A14446717 /* Spoonjoy macOS.app */ = {isa = PBXFileReference; explicitFileType = wrapper.application; includeInIndex = 0; path = "Spoonjoy macOS.app"; sourceTree = BUILT_PRODUCTS_DIR; };
		4908D57E5CE69E6C9AFB8D9F8BA4FB53 /* ShoppingListView.swift */ = {isa = PBXFileReference; includeInIndex = 1; lastKnownFileType = sourcecode.swift; path = ShoppingListView.swift; sourceTree = "<group>"; };
		4A005E0C408A4C6C943F7C297D2EB64F /* SpoonjoyiOSApp.swift */ = {isa = PBXFileReference; includeInIndex = 1; lastKnownFileType = sourcecode.swift; path = SpoonjoyiOSApp.swift; sourceTree = "<group>"; };
		573127D6375F87775653BF951C8573F5 /* SpoonCookLogView.swift */ = {isa = PBXFileReference; includeInIndex = 1; lastKnownFileType = sourcecode.swift; path = SpoonCookLogView.swift; sourceTree = "<group>"; };
		582B0D95E7EA19BA30CFF2BF9357714E /* PlatformNavigationView.swift */ = {isa = PBXFileReference; includeInIndex = 1; lastKnownFileType = sourcecode.swift; path = PlatformNavigationView.swift; sourceTree = "<group>"; };
		586065794BDD9A55E80F9027C58D2262 /* KitchenView.swift */ = {isa = PBXFileReference; includeInIndex = 1; lastKnownFileType = sourcecode.swift; path = KitchenView.swift; sourceTree = "<group>"; };
		5B4D5841CC06DCF98EC51266C3FB63C2 /* KitchenSafeControls.swift */ = {isa = PBXFileReference; includeInIndex = 1; lastKnownFileType = sourcecode.swift; path = KitchenSafeControls.swift; sourceTree = "<group>"; };
		5D3F08622F93CDB5AB6EB1CFBEEC3E86 /* SpoonjoyMacApp.swift */ = {isa = PBXFileReference; includeInIndex = 1; lastKnownFileType = sourcecode.swift; path = SpoonjoyMacApp.swift; sourceTree = "<group>"; };
		5F71FD026CFA1C7B8B538F375CECB9EE /* SpoonjoyToolbar.swift */ = {isa = PBXFileReference; includeInIndex = 1; lastKnownFileType = sourcecode.swift; path = SpoonjoyToolbar.swift; sourceTree = "<group>"; };
		614039A2B62BDA4241E0A6A8DFAF0EF0 /* Assets.xcassets */ = {isa = PBXFileReference; includeInIndex = 1; lastKnownFileType = folder.assetcatalog; path = Assets.xcassets; sourceTree = "<group>"; };
		63AB3B552FC5F219E8CEABEE06E3287B /* Spoonjoy iOS.app */ = {isa = PBXFileReference; explicitFileType = wrapper.application; includeInIndex = 0; path = "Spoonjoy iOS.app"; sourceTree = BUILT_PRODUCTS_DIR; };
		6AA377E43A5B2462989CDC5934FB0FB0 /* SettingsView.swift */ = {isa = PBXFileReference; includeInIndex = 1; lastKnownFileType = sourcecode.swift; path = SettingsView.swift; sourceTree = "<group>"; };
		6B2516D355849E1C14A2B8434F48FCC7 /* OfflineStatusView.swift */ = {isa = PBXFileReference; includeInIndex = 1; lastKnownFileType = sourcecode.swift; path = OfflineStatusView.swift; sourceTree = "<group>"; };
		6C31D894EBAAB1E1EF77B1BFD7A7F3CC /* NotificationAPNsSettingsView.swift */ = {isa = PBXFileReference; includeInIndex = 1; lastKnownFileType = sourcecode.swift; path = NotificationAPNsSettingsView.swift; sourceTree = "<group>"; };
		79A5F5CE06B7D33EE24FFF503F44E8FC /* SpoonjoyAppIntents.swift */ = {isa = PBXFileReference; includeInIndex = 1; lastKnownFileType = sourcecode.swift; path = SpoonjoyAppIntents.swift; sourceTree = "<group>"; };
		79E502EF6C8BE66ACC67AB9B302A82B1 /* SpoonjoyShoppingEntities.swift */ = {isa = PBXFileReference; includeInIndex = 1; lastKnownFileType = sourcecode.swift; path = SpoonjoyShoppingEntities.swift; sourceTree = "<group>"; };
		7EB2DF2AF1EBD5AF5EB9CA42EABFC2B5 /* ReceiptListView.swift */ = {isa = PBXFileReference; includeInIndex = 1; lastKnownFileType = sourcecode.swift; path = ReceiptListView.swift; sourceTree = "<group>"; };
		81A4253647CC81990432FDC0B47655F8 /* Info.plist */ = {isa = PBXFileReference; includeInIndex = 1; lastKnownFileType = text.plist.xml; path = Info.plist; sourceTree = "<group>"; };
		8497F8135E4FF71D9744875C959B2D84 /* SpoonjoyWebAuthenticationSession.swift */ = {isa = PBXFileReference; includeInIndex = 1; lastKnownFileType = sourcecode.swift; path = SpoonjoyWebAuthenticationSession.swift; sourceTree = "<group>"; };
		8FF64126E0B5A0250BE390F7ECDCD411 /* SpoonjoySpotlightIndexer.swift */ = {isa = PBXFileReference; includeInIndex = 1; lastKnownFileType = sourcecode.swift; path = SpoonjoySpotlightIndexer.swift; sourceTree = "<group>"; };
		933C583D651A04F0ABB0042B66B110B1 /* ShareActions.swift */ = {isa = PBXFileReference; includeInIndex = 1; lastKnownFileType = sourcecode.swift; path = ShareActions.swift; sourceTree = "<group>"; };
		A477889BA4E5A36C9B10C3F9AE753874 /* Spoonjoy.entitlements */ = {isa = PBXFileReference; includeInIndex = 1; lastKnownFileType = text.plist.entitlements; path = Spoonjoy.entitlements; sourceTree = "<group>"; };
		AD0F6190AF73679B5479F3B6BE599EFD /* SpoonjoyApp.swift */ = {isa = PBXFileReference; includeInIndex = 1; lastKnownFileType = sourcecode.swift; path = SpoonjoyApp.swift; sourceTree = "<group>"; };
		AD37E6AF286E7B82936F39F46C82B076 /* RecipeCoverControlsView.swift */ = {isa = PBXFileReference; includeInIndex = 1; lastKnownFileType = sourcecode.swift; path = RecipeCoverControlsView.swift; sourceTree = "<group>"; };
		B344E0E1FEBBDDA4A8C486B76CED8A03 /* ProfileView.swift */ = {isa = PBXFileReference; includeInIndex = 1; lastKnownFileType = sourcecode.swift; path = ProfileView.swift; sourceTree = "<group>"; };
		B971C3E421EC955752143E1414D6D282 /* SearchView.swift */ = {isa = PBXFileReference; includeInIndex = 1; lastKnownFileType = sourcecode.swift; path = SearchView.swift; sourceTree = "<group>"; };
		BE047DD308C10DF3F2FCC90A2B08D97A /* CookModeView.swift */ = {isa = PBXFileReference; includeInIndex = 1; lastKnownFileType = sourcecode.swift; path = CookModeView.swift; sourceTree = "<group>"; };
		CEC5092B2CEE03007B49110DD4BA7D7F /* SpoonjoySpoonEntities.swift */ = {isa = PBXFileReference; includeInIndex = 1; lastKnownFileType = sourcecode.swift; path = SpoonjoySpoonEntities.swift; sourceTree = "<group>"; };
		E27FE6C604F7A54D3915403125C51C36 /* NotificationAPNsDeviceBridge.swift */ = {isa = PBXFileReference; includeInIndex = 1; lastKnownFileType = sourcecode.swift; path = NotificationAPNsDeviceBridge.swift; sourceTree = "<group>"; };
		E3344EDDB9FAA25B7FF1E321224B2CEA /* CaptureDraftView.swift */ = {isa = PBXFileReference; includeInIndex = 1; lastKnownFileType = sourcecode.swift; path = CaptureDraftView.swift; sourceTree = "<group>"; };
		F1B4C27D8AA136F79C617E868109272F /* RecipeEditorView.swift */ = {isa = PBXFileReference; includeInIndex = 1; lastKnownFileType = sourcecode.swift; path = RecipeEditorView.swift; sourceTree = "<group>"; };
		F5AD72D7622F19DB061EC3F7591B4FEC /* SpoonjoyRecipeCookbookEntities.swift */ = {isa = PBXFileReference; includeInIndex = 1; lastKnownFileType = sourcecode.swift; path = SpoonjoyRecipeCookbookEntities.swift; sourceTree = "<group>"; };
		FE8A5FF0C3C902EEBF403039D6268CDE /* SpoonjoyCaptureDraftEntities.swift */ = {isa = PBXFileReference; includeInIndex = 1; lastKnownFileType = sourcecode.swift; path = SpoonjoyCaptureDraftEntities.swift; sourceTree = "<group>"; };
/* End PBXFileReference section */

/* Begin PBXFrameworksBuildPhase section */
		1427896BC5F3C046151E8959D8AD04D0 /* Frameworks */ = {
			isa = PBXFrameworksBuildPhase;
			buildActionMask = 2147483647;
			files = (
				295944FF84578AC893DAD80C3A33DB0D /* SpoonjoyCore in Frameworks */,
			);
			runOnlyForDeploymentPostprocessing = 0;
		};
		F85F302D29C8F9D115293C3A285E3A90 /* Frameworks */ = {
			isa = PBXFrameworksBuildPhase;
			buildActionMask = 2147483647;
			files = (
				88DC6D62F6A171C03F490630CF5135A5 /* SpoonjoyCore in Frameworks */,
			);
			runOnlyForDeploymentPostprocessing = 0;
		};
/* End PBXFrameworksBuildPhase section */

/* Begin PBXGroup section */
		515279DD6545E9596B784DC2FCB67B4F /* iOS */ = {
			isa = PBXGroup;
			children = (
			);
			name = iOS;
			sourceTree = "<group>";
		};
		51F5CC439DBA5AFBDEE0F9A7BC881384 /* Spoonjoy */ = {
			isa = PBXGroup;
			children = (
				8435C077FED7681A019DF64031121D5B /* iOS */,
				AEEE8888379A1805BF1899C1F2E7CAF0 /* macOS */,
				AAEFF175521FA10FE3E7A30FCBE4F578 /* Shared */,
			);
			name = Spoonjoy;
			path = Spoonjoy;
			sourceTree = "<group>";
		};
		56CC1D91BF744B6AC7ED5AEBBDE7C6C7 /* Frameworks */ = {
			isa = PBXGroup;
			children = (
				515279DD6545E9596B784DC2FCB67B4F /* iOS */,
				FBAD343370458B05620D50AB380BEF8A /* OS X */,
			);
			name = Frameworks;
			sourceTree = "<group>";
		};
		5CEC7907A1E07F8B138170C59A17A93B = {
			isa = PBXGroup;
			children = (
				D79C7F947CB66D3593E686E43B916648 /* Apps */,
				56CC1D91BF744B6AC7ED5AEBBDE7C6C7 /* Frameworks */,
				F6101C35A87BE4A7C6B71AFEFE983577 /* Products */,
			);
			sourceTree = "<group>";
		};
		8435C077FED7681A019DF64031121D5B /* iOS */ = {
			isa = PBXGroup;
			children = (
				4A005E0C408A4C6C943F7C297D2EB64F /* SpoonjoyiOSApp.swift */,
			);
			name = iOS;
			path = iOS;
			sourceTree = "<group>";
		};
		91253A43E9C73F16CD628C3C50183556 /* Views */ = {
			isa = PBXGroup;
			children = (
				E3344EDDB9FAA25B7FF1E321224B2CEA /* CaptureDraftView.swift */,
				162CBF36ACC6B6805EA3033BC44A0ED9 /* CookbooksView.swift */,
				BE047DD308C10DF3F2FCC90A2B08D97A /* CookModeView.swift */,
				586065794BDD9A55E80F9027C58D2262 /* KitchenView.swift */,
				6C31D894EBAAB1E1EF77B1BFD7A7F3CC /* NotificationAPNsSettingsView.swift */,
				B344E0E1FEBBDDA4A8C486B76CED8A03 /* ProfileView.swift */,
				AD37E6AF286E7B82936F39F46C82B076 /* RecipeCoverControlsView.swift */,
				152340339217922E72F603BB05291080 /* RecipeDetailView.swift */,
				F1B4C27D8AA136F79C617E868109272F /* RecipeEditorView.swift */,
				27C8D221B4FFAF8240F1BD528AA1A4B0 /* RecipesView.swift */,
				B971C3E421EC955752143E1414D6D282 /* SearchView.swift */,
				6AA377E43A5B2462989CDC5934FB0FB0 /* SettingsView.swift */,
				4908D57E5CE69E6C9AFB8D9F8BA4FB53 /* ShoppingListView.swift */,
				573127D6375F87775653BF951C8573F5 /* SpoonCookLogView.swift */,
			);
			name = Views;
			path = Views;
			sourceTree = "<group>";
		};
		A667B249F417DAC5B467A8D62927A468 /* AppShell */ = {
			isa = PBXGroup;
			children = (
				582B0D95E7EA19BA30CFF2BF9357714E /* PlatformNavigationView.swift */,
				933C583D651A04F0ABB0042B66B110B1 /* ShareActions.swift */,
				28CAE75F8C6CA33D184F9C4906FF6543 /* SignedOutSetupView.swift */,
				21103979610089765C774A202AB7C675 /* SpoonjoyRootView.swift */,
				5F71FD026CFA1C7B8B538F375CECB9EE /* SpoonjoyToolbar.swift */,
			);
			name = AppShell;
			path = AppShell;
			sourceTree = "<group>";
		};
		AAEFF175521FA10FE3E7A30FCBE4F578 /* Shared */ = {
			isa = PBXGroup;
			children = (
				A667B249F417DAC5B467A8D62927A468 /* AppShell */,
				614039A2B62BDA4241E0A6A8DFAF0EF0 /* Assets.xcassets */,
				D96951143B277F8EDF1520FF7BADF5AB /* Auth */,
				BD2C2F87B685321C2051EC83BB09A47F /* Components */,
				AFF31F90193597F35ACF10EB8535B8E2 /* Design */,
				81A4253647CC81990432FDC0B47655F8 /* Info.plist */,
				E19960546FA8DD5C153107FAACC1579F /* Native */,
				A477889BA4E5A36C9B10C3F9AE753874 /* Spoonjoy.entitlements */,
				AD0F6190AF73679B5479F3B6BE599EFD /* SpoonjoyApp.swift */,
				91253A43E9C73F16CD628C3C50183556 /* Views */,
			);
			name = Shared;
			path = Shared;
			sourceTree = "<group>";
		};
		AEEE8888379A1805BF1899C1F2E7CAF0 /* macOS */ = {
			isa = PBXGroup;
			children = (
				5D3F08622F93CDB5AB6EB1CFBEEC3E86 /* SpoonjoyMacApp.swift */,
			);
			name = macOS;
			path = macOS;
			sourceTree = "<group>";
		};
		AFF31F90193597F35ACF10EB8535B8E2 /* Design */ = {
			isa = PBXGroup;
			children = (
				2A337950FD7823402C39E447DEE27D70 /* KitchenTableTheme.swift */,
			);
			name = Design;
			path = Design;
			sourceTree = "<group>";
		};
		BD2C2F87B685321C2051EC83BB09A47F /* Components */ = {
			isa = PBXGroup;
			children = (
				5B4D5841CC06DCF98EC51266C3FB63C2 /* KitchenSafeControls.swift */,
				6B2516D355849E1C14A2B8434F48FCC7 /* OfflineStatusView.swift */,
				7EB2DF2AF1EBD5AF5EB9CA42EABFC2B5 /* ReceiptListView.swift */,
				163A4AF6F362E3A2DEF4B4A13DC8A404 /* RecipeCoverImage.swift */,
			);
			name = Components;
			path = Components;
			sourceTree = "<group>";
		};
		D79C7F947CB66D3593E686E43B916648 /* Apps */ = {
			isa = PBXGroup;
			children = (
				51F5CC439DBA5AFBDEE0F9A7BC881384 /* Spoonjoy */,
			);
			name = Apps;
			path = Apps;
			sourceTree = "<group>";
		};
		D96951143B277F8EDF1520FF7BADF5AB /* Auth */ = {
			isa = PBXGroup;
			children = (
				8497F8135E4FF71D9744875C959B2D84 /* SpoonjoyWebAuthenticationSession.swift */,
			);
			name = Auth;
			path = Auth;
			sourceTree = "<group>";
		};
		E19960546FA8DD5C153107FAACC1579F /* Native */ = {
			isa = PBXGroup;
			children = (
				E27FE6C604F7A54D3915403125C51C36 /* NotificationAPNsDeviceBridge.swift */,
				79A5F5CE06B7D33EE24FFF503F44E8FC /* SpoonjoyAppIntents.swift */,
				FE8A5FF0C3C902EEBF403039D6268CDE /* SpoonjoyCaptureDraftEntities.swift */,
				F5AD72D7622F19DB061EC3F7591B4FEC /* SpoonjoyRecipeCookbookEntities.swift */,
				79E502EF6C8BE66ACC67AB9B302A82B1 /* SpoonjoyShoppingEntities.swift */,
				CEC5092B2CEE03007B49110DD4BA7D7F /* SpoonjoySpoonEntities.swift */,
				8FF64126E0B5A0250BE390F7ECDCD411 /* SpoonjoySpotlightIndexer.swift */,
			);
			name = Native;
			path = Native;
			sourceTree = "<group>";
		};
		F6101C35A87BE4A7C6B71AFEFE983577 /* Products */ = {
			isa = PBXGroup;
			children = (
				63AB3B552FC5F219E8CEABEE06E3287B /* Spoonjoy iOS.app */,
				2E4D205787348B54CEE9FA6A14446717 /* Spoonjoy macOS.app */,
			);
			name = Products;
			sourceTree = "<group>";
		};
		FBAD343370458B05620D50AB380BEF8A /* OS X */ = {
			isa = PBXGroup;
			children = (
			);
			name = "OS X";
			sourceTree = "<group>";
		};
/* End PBXGroup section */

/* Begin PBXNativeTarget section */
		78A4FB5815AD745E0C63139C6260C1FF /* Spoonjoy iOS */ = {
			isa = PBXNativeTarget;
			buildConfigurationList = 892AC8826975999E42C907CD1C25A210 /* Build configuration list for PBXNativeTarget "Spoonjoy iOS" */;
			buildPhases = (
				B63B1D2321E073102A35A2472A08B5B4 /* Sources */,
				F85F302D29C8F9D115293C3A285E3A90 /* Frameworks */,
				17BBBFBEC76416517FC6509186F73E8C /* Resources */,
			);
			buildRules = (
			);
			dependencies = (
			);
			name = "Spoonjoy iOS";
			packageProductDependencies = (
				5ECEAD511E3A024B617963FEFB1EFAA3 /* SpoonjoyCore */,
			);
			productName = "Spoonjoy iOS";
			productReference = 63AB3B552FC5F219E8CEABEE06E3287B /* Spoonjoy iOS.app */;
			productType = "com.apple.product-type.application";
		};
		BD00780915A4B9F3291A19C340E55F78 /* Spoonjoy macOS */ = {
			isa = PBXNativeTarget;
			buildConfigurationList = 929EDFBA8BF690CCAEC805926FB8E0E3 /* Build configuration list for PBXNativeTarget "Spoonjoy macOS" */;
			buildPhases = (
				C6F737926C21B40B2F4ED7ACC097BE10 /* Sources */,
				1427896BC5F3C046151E8959D8AD04D0 /* Frameworks */,
				B73036CC9E1F5F566DFDFF2D60A5A713 /* Resources */,
			);
			buildRules = (
			);
			dependencies = (
			);
			name = "Spoonjoy macOS";
			packageProductDependencies = (
				B1F59A47545737EAF9625C2D611CF161 /* SpoonjoyCore */,
			);
			productName = "Spoonjoy macOS";
			productReference = 2E4D205787348B54CEE9FA6A14446717 /* Spoonjoy macOS.app */;
			productType = "com.apple.product-type.application";
		};
/* End PBXNativeTarget section */

/* Begin PBXProject section */
		561E67053217BB880340D8FBA8E33B11 /* Project object */ = {
			isa = PBXProject;
			attributes = {
				LastSwiftUpdateCheck = 1600;
				LastUpgradeCheck = 1600;
			};
			buildConfigurationList = A65174F3380A3FCE787DE5D8D4F17759 /* Build configuration list for PBXProject "Spoonjoy" */;
			compatibilityVersion = "Xcode 3.2";
			developmentRegion = en;
			hasScannedForEncodings = 0;
			knownRegions = (
				en,
				Base,
			);
			mainGroup = 5CEC7907A1E07F8B138170C59A17A93B;
			minimizedProjectReferenceProxies = 0;
			packageReferences = (
				B25559CBDA0EE2F8D921768ABEBD3CA9 /* XCLocalSwiftPackageReference "." */,
			);
			preferredProjectObjectVersion = 77;
			productRefGroup = F6101C35A87BE4A7C6B71AFEFE983577 /* Products */;
			projectDirPath = "";
			projectRoot = "";
			targets = (
				78A4FB5815AD745E0C63139C6260C1FF /* Spoonjoy iOS */,
				BD00780915A4B9F3291A19C340E55F78 /* Spoonjoy macOS */,
			);
		};
/* End PBXProject section */

/* Begin PBXResourcesBuildPhase section */
		17BBBFBEC76416517FC6509186F73E8C /* Resources */ = {
			isa = PBXResourcesBuildPhase;
			buildActionMask = 2147483647;
			files = (
				A6C037E5ACD75A386EB1CE9D77872CAF /* Assets.xcassets in Resources */,
			);
			runOnlyForDeploymentPostprocessing = 0;
		};
		B73036CC9E1F5F566DFDFF2D60A5A713 /* Resources */ = {
			isa = PBXResourcesBuildPhase;
			buildActionMask = 2147483647;
			files = (
				2EE340B9D67944CFEA2E3535232F6D01 /* Assets.xcassets in Resources */,
			);
			runOnlyForDeploymentPostprocessing = 0;
		};
/* End PBXResourcesBuildPhase section */

/* Begin PBXSourcesBuildPhase section */
		B63B1D2321E073102A35A2472A08B5B4 /* Sources */ = {
			isa = PBXSourcesBuildPhase;
			buildActionMask = 2147483647;
			files = (
				7712BECCFEC47E8ABCD2AACE047E373C /* CaptureDraftView.swift in Sources */,
				DE323AB13BA4FE9E10AA9DF0792E3BF6 /* CookbooksView.swift in Sources */,
				97D6259CB632F60C17DF1BFCC5B1ACC1 /* CookModeView.swift in Sources */,
				8B6C5CB9AC561EA24CE860510FEE8DE1 /* KitchenSafeControls.swift in Sources */,
				ADB30B3C9A3AED18107CED42895FD24A /* KitchenTableTheme.swift in Sources */,
				DAD5DB8407B1CC5351E3595C45EF7FAF /* KitchenView.swift in Sources */,
				49F3D51ADEE0DF06FA63CE6586C131CD /* NotificationAPNsDeviceBridge.swift in Sources */,
				73C9E91778C2A5F2A81AD474E86E641E /* NotificationAPNsSettingsView.swift in Sources */,
				418156710ADDCC612E9A0F07E8AD6A63 /* OfflineStatusView.swift in Sources */,
				9076F80E6A70B85E1C0970AB772AD2E3 /* PlatformNavigationView.swift in Sources */,
				CD085428E3C386B3907180413EE912BE /* ProfileView.swift in Sources */,
				AC3E8462795D1A0E5C57AA0484E54D24 /* ReceiptListView.swift in Sources */,
				4A4CA739B8046068F826DB5F371D6E9C /* RecipeCoverControlsView.swift in Sources */,
				381C9FA180E0225007E7B5E08F2B5F98 /* RecipeCoverImage.swift in Sources */,
				4C117977E493736B8660800CF087F7B7 /* RecipeDetailView.swift in Sources */,
				A0552A6BCB7AD6A00B0FCFD2E6266D8A /* RecipeEditorView.swift in Sources */,
				E56F5CB61E044864AFA950D307E07DCE /* RecipesView.swift in Sources */,
				28C5599C49277704452AD6E54A3F6D25 /* SearchView.swift in Sources */,
				0C87D3FAFDC123D735147828068DA839 /* SettingsView.swift in Sources */,
				889228BB192C4798B7D212B7D5F7EE36 /* ShareActions.swift in Sources */,
				18E0940A59D3E180B5C4593427079E0F /* ShoppingListView.swift in Sources */,
				0A769F8747E22F860CD200C7852DEBF6 /* SignedOutSetupView.swift in Sources */,
				42258FBE265EB9E1E6FA71BF6088D7A0 /* SpoonCookLogView.swift in Sources */,
				2F78F6863A511F4395A1F9363D14BBCB /* SpoonjoyApp.swift in Sources */,
				50FE2945F2842721A74ED7A851C009BB /* SpoonjoyAppIntents.swift in Sources */,
				1267BB00A0355576A4A4A2CF4F456F8C /* SpoonjoyCaptureDraftEntities.swift in Sources */,
				76584CB0D18E0F92F0BA5D73EAF5AF35 /* SpoonjoyiOSApp.swift in Sources */,
				0A5E815D9C8C598A073FDE8AC481E54D /* SpoonjoyRecipeCookbookEntities.swift in Sources */,
				464B96B63A18C4898E2EA9EEF7177762 /* SpoonjoyRootView.swift in Sources */,
				2E680ADF83E09DA8F6060B6A8AB0C33F /* SpoonjoyShoppingEntities.swift in Sources */,
				6E2B496AF7AF173F8923D2B994ED98A3 /* SpoonjoySpoonEntities.swift in Sources */,
				88E0EFC0084F1B135004771E9DF73D15 /* SpoonjoySpotlightIndexer.swift in Sources */,
				A7780AB1C840EE572E3756C57AD7B9E0 /* SpoonjoyToolbar.swift in Sources */,
				A7E7F2C46F1106613AA5866F1D0F73D1 /* SpoonjoyWebAuthenticationSession.swift in Sources */,
			);
			runOnlyForDeploymentPostprocessing = 0;
		};
		C6F737926C21B40B2F4ED7ACC097BE10 /* Sources */ = {
			isa = PBXSourcesBuildPhase;
			buildActionMask = 2147483647;
			files = (
				FB37699D63E0B236618579A362C823C6 /* CaptureDraftView.swift in Sources */,
				2E1B6F4D7C4903524F786AC411E90B17 /* CookbooksView.swift in Sources */,
				C73535B4D2ADD6DDA2B9381D800C7AA0 /* CookModeView.swift in Sources */,
				107B7649D8F1A95BE4071D25289A0809 /* KitchenSafeControls.swift in Sources */,
				D87053D17ADD1DC8DA22D4D28A96D8E3 /* KitchenTableTheme.swift in Sources */,
				2E0863E99A6F86BD22CD1AF063861030 /* KitchenView.swift in Sources */,
				F167475DACC538B7DC891D9145D72B7A /* NotificationAPNsDeviceBridge.swift in Sources */,
				5B5BC46A9EC9FFDCD3EE68B2EC81851C /* NotificationAPNsSettingsView.swift in Sources */,
				7A4CBAA780AE6A6EAD3DB6B6902B47E1 /* OfflineStatusView.swift in Sources */,
				1897BE67850AE66CD3FE616B3B546A44 /* PlatformNavigationView.swift in Sources */,
				B212AE2660582D938DE47635A5A846EB /* ProfileView.swift in Sources */,
				3C62FFAC76EDAD0D5B6D426427AE5787 /* ReceiptListView.swift in Sources */,
				1FC526B13F23F449843E2DDC74F8C152 /* RecipeCoverControlsView.swift in Sources */,
				1EEE947F78200BCCBE4D7DDF502AF998 /* RecipeCoverImage.swift in Sources */,
				F84CE2751B1CD126CAC95AEBC578F1C4 /* RecipeDetailView.swift in Sources */,
				5A5853FAA4D0CBC6BC99899D0DE03405 /* RecipeEditorView.swift in Sources */,
				78128789F9CF10CA2DC8C6B913F45D85 /* RecipesView.swift in Sources */,
				641DCC3AE50BD43AEEAAB3A68F6457C5 /* SearchView.swift in Sources */,
				C0047C316CB57AF2CE6C2C5695EA143E /* SettingsView.swift in Sources */,
				99F044403FB55723CB12205BF2A7737C /* ShareActions.swift in Sources */,
				7B06D06B843EE580DDFE21F05E4FEB65 /* ShoppingListView.swift in Sources */,
				4B0313014CF64FFA7C859A9ED2740875 /* SignedOutSetupView.swift in Sources */,
				C5847A1BB44D468FDEAD68D1F0AD058E /* SpoonCookLogView.swift in Sources */,
				1BD4AC4FD0F034EE45344FB3CE22ED2C /* SpoonjoyApp.swift in Sources */,
				E54FFB5E1998223B67F0196B2644CF42 /* SpoonjoyAppIntents.swift in Sources */,
				453003D49FD2B25E8AB35F92533C57D8 /* SpoonjoyCaptureDraftEntities.swift in Sources */,
				C2926DF2E0457E89B63C9D924CDD1AA7 /* SpoonjoyMacApp.swift in Sources */,
				39FB9761D48201E86DA2F02CD7EC277F /* SpoonjoyRecipeCookbookEntities.swift in Sources */,
				7478C062A8DB73DB80D754189CA36E56 /* SpoonjoyRootView.swift in Sources */,
				D827153BDFB4C5B051FC4B6249D77BE0 /* SpoonjoyShoppingEntities.swift in Sources */,
				1941869FE80A815DC88BCC502DB2BF0E /* SpoonjoySpoonEntities.swift in Sources */,
				964A84193223A558FFAA613888432361 /* SpoonjoySpotlightIndexer.swift in Sources */,
				FB61D9D05A8556BDFF7F6A74560F71BE /* SpoonjoyToolbar.swift in Sources */,
				3359BC7C8A545D1B24B0FAB075FB23AD /* SpoonjoyWebAuthenticationSession.swift in Sources */,
			);
			runOnlyForDeploymentPostprocessing = 0;
		};
/* End PBXSourcesBuildPhase section */

/* Begin XCBuildConfiguration section */
		228DA311D1A6529990B0C3DA1257FA2A /* Debug */ = {
			isa = XCBuildConfiguration;
			buildSettings = {
				ALWAYS_SEARCH_USER_PATHS = NO;
				CLANG_ANALYZER_NONNULL = YES;
				CLANG_ANALYZER_NUMBER_OBJECT_CONVERSION = YES_AGGRESSIVE;
				CLANG_CXX_LANGUAGE_STANDARD = "gnu++14";
				CLANG_CXX_LIBRARY = "libc++";
				CLANG_ENABLE_MODULES = YES;
				CLANG_ENABLE_OBJC_ARC = YES;
				CLANG_ENABLE_OBJC_WEAK = YES;
				CLANG_WARN_BLOCK_CAPTURE_AUTORELEASING = YES;
				CLANG_WARN_BOOL_CONVERSION = YES;
				CLANG_WARN_COMMA = YES;
				CLANG_WARN_CONSTANT_CONVERSION = YES;
				CLANG_WARN_DEPRECATED_OBJC_IMPLEMENTATIONS = YES;
				CLANG_WARN_DIRECT_OBJC_ISA_USAGE = YES_ERROR;
				CLANG_WARN_DOCUMENTATION_COMMENTS = YES;
				CLANG_WARN_EMPTY_BODY = YES;
				CLANG_WARN_ENUM_CONVERSION = YES;
				CLANG_WARN_INFINITE_RECURSION = YES;
				CLANG_WARN_INT_CONVERSION = YES;
				CLANG_WARN_NON_LITERAL_NULL_CONVERSION = YES;
				CLANG_WARN_OBJC_IMPLICIT_RETAIN_SELF = YES;
				CLANG_WARN_OBJC_LITERAL_CONVERSION = YES;
				CLANG_WARN_OBJC_ROOT_CLASS = YES_ERROR;
				CLANG_WARN_QUOTED_INCLUDE_IN_FRAMEWORK_HEADER = YES;
				CLANG_WARN_RANGE_LOOP_ANALYSIS = YES;
				CLANG_WARN_STRICT_PROTOTYPES = YES;
				CLANG_WARN_SUSPICIOUS_MOVE = YES;
				CLANG_WARN_UNGUARDED_AVAILABILITY = YES_AGGRESSIVE;
				CLANG_WARN_UNREACHABLE_CODE = YES;
				CLANG_WARN__DUPLICATE_METHOD_MATCH = YES;
				COPY_PHASE_STRIP = NO;
				DEBUG_INFORMATION_FORMAT = dwarf;
				ENABLE_STRICT_OBJC_MSGSEND = YES;
				ENABLE_TESTABILITY = YES;
				GCC_C_LANGUAGE_STANDARD = gnu11;
				GCC_DYNAMIC_NO_PIC = NO;
				GCC_NO_COMMON_BLOCKS = YES;
				GCC_OPTIMIZATION_LEVEL = 0;
				GCC_PREPROCESSOR_DEFINITIONS = (
					"DEBUG=1",
					"$(inherited)",
				);
				GCC_WARN_64_TO_32_BIT_CONVERSION = YES;
				GCC_WARN_ABOUT_RETURN_TYPE = YES_ERROR;
				GCC_WARN_UNDECLARED_SELECTOR = YES;
				GCC_WARN_UNINITIALIZED_AUTOS = YES_AGGRESSIVE;
				GCC_WARN_UNUSED_FUNCTION = YES;
				GCC_WARN_UNUSED_VARIABLE = YES;
				MTL_ENABLE_DEBUG_INFO = INCLUDE_SOURCE;
				MTL_FAST_MATH = YES;
				ONLY_ACTIVE_ARCH = YES;
				PRODUCT_NAME = "$(TARGET_NAME)";
				SWIFT_ACTIVE_COMPILATION_CONDITIONS = DEBUG;
				SWIFT_OPTIMIZATION_LEVEL = "-Onone";
				SWIFT_VERSION = 5.0;
			};
			name = Debug;
		};
		2C5295EF9DB46FE93D84627747592CC8 /* Debug */ = {
			isa = XCBuildConfiguration;
			buildSettings = {
				CLANG_ENABLE_OBJC_WEAK = NO;
				CODE_SIGN_ENTITLEMENTS = Apps/Spoonjoy/Shared/Spoonjoy.entitlements;
				CURRENT_PROJECT_VERSION = 1;
				GCC_TREAT_WARNINGS_AS_ERRORS = YES;
				GENERATE_INFOPLIST_FILE = NO;
				INFOPLIST_FILE = Apps/Spoonjoy/Shared/Info.plist;
				IPHONEOS_DEPLOYMENT_TARGET = 27.0;
				LD_RUNPATH_SEARCH_PATHS = "$(inherited) @executable_path/Frameworks";
				MARKETING_VERSION = 1.0;
				PRODUCT_BUNDLE_IDENTIFIER = app.spoonjoy.Spoonjoy;
				PRODUCT_NAME = Spoonjoy;
				SDKROOT = iphoneos;
				SWIFT_TREAT_WARNINGS_AS_ERRORS = YES;
				SWIFT_VERSION = 6.0;
				TARGETED_DEVICE_FAMILY = "1,2";
			};
			name = Debug;
		};
		741D32860DACCA0161323812324D26FF /* Release */ = {
			isa = XCBuildConfiguration;
			buildSettings = {
				CODE_SIGN_ENTITLEMENTS = Apps/Spoonjoy/Shared/Spoonjoy.entitlements;
				COMBINE_HIDPI_IMAGES = YES;
				CURRENT_PROJECT_VERSION = 1;
				GCC_TREAT_WARNINGS_AS_ERRORS = YES;
				GENERATE_INFOPLIST_FILE = NO;
				INFOPLIST_FILE = Apps/Spoonjoy/Shared/Info.plist;
				LD_RUNPATH_SEARCH_PATHS = "$(inherited) @executable_path/../Frameworks";
				MACOSX_DEPLOYMENT_TARGET = 27.0;
				MARKETING_VERSION = 1.0;
				PRODUCT_BUNDLE_IDENTIFIER = app.spoonjoy.Spoonjoy.mac;
				PRODUCT_NAME = Spoonjoy;
				SDKROOT = macosx;
				SWIFT_TREAT_WARNINGS_AS_ERRORS = YES;
				SWIFT_VERSION = 6.0;
			};
			name = Release;
		};
		7CB06ECD64F3D22011F65DA279137F75 /* Release */ = {
			isa = XCBuildConfiguration;
			buildSettings = {
				ALWAYS_SEARCH_USER_PATHS = NO;
				CLANG_ANALYZER_NONNULL = YES;
				CLANG_ANALYZER_NUMBER_OBJECT_CONVERSION = YES_AGGRESSIVE;
				CLANG_CXX_LANGUAGE_STANDARD = "gnu++14";
				CLANG_CXX_LIBRARY = "libc++";
				CLANG_ENABLE_MODULES = YES;
				CLANG_ENABLE_OBJC_ARC = YES;
				CLANG_ENABLE_OBJC_WEAK = YES;
				CLANG_WARN_BLOCK_CAPTURE_AUTORELEASING = YES;
				CLANG_WARN_BOOL_CONVERSION = YES;
				CLANG_WARN_COMMA = YES;
				CLANG_WARN_CONSTANT_CONVERSION = YES;
				CLANG_WARN_DEPRECATED_OBJC_IMPLEMENTATIONS = YES;
				CLANG_WARN_DIRECT_OBJC_ISA_USAGE = YES_ERROR;
				CLANG_WARN_DOCUMENTATION_COMMENTS = YES;
				CLANG_WARN_EMPTY_BODY = YES;
				CLANG_WARN_ENUM_CONVERSION = YES;
				CLANG_WARN_INFINITE_RECURSION = YES;
				CLANG_WARN_INT_CONVERSION = YES;
				CLANG_WARN_NON_LITERAL_NULL_CONVERSION = YES;
				CLANG_WARN_OBJC_IMPLICIT_RETAIN_SELF = YES;
				CLANG_WARN_OBJC_LITERAL_CONVERSION = YES;
				CLANG_WARN_OBJC_ROOT_CLASS = YES_ERROR;
				CLANG_WARN_QUOTED_INCLUDE_IN_FRAMEWORK_HEADER = YES;
				CLANG_WARN_RANGE_LOOP_ANALYSIS = YES;
				CLANG_WARN_STRICT_PROTOTYPES = YES;
				CLANG_WARN_SUSPICIOUS_MOVE = YES;
				CLANG_WARN_UNGUARDED_AVAILABILITY = YES_AGGRESSIVE;
				CLANG_WARN_UNREACHABLE_CODE = YES;
				CLANG_WARN__DUPLICATE_METHOD_MATCH = YES;
				COPY_PHASE_STRIP = NO;
				DEBUG_INFORMATION_FORMAT = "dwarf-with-dsym";
				ENABLE_NS_ASSERTIONS = NO;
				ENABLE_STRICT_OBJC_MSGSEND = YES;
				GCC_C_LANGUAGE_STANDARD = gnu11;
				GCC_NO_COMMON_BLOCKS = YES;
				GCC_WARN_64_TO_32_BIT_CONVERSION = YES;
				GCC_WARN_ABOUT_RETURN_TYPE = YES_ERROR;
				GCC_WARN_UNDECLARED_SELECTOR = YES;
				GCC_WARN_UNINITIALIZED_AUTOS = YES_AGGRESSIVE;
				GCC_WARN_UNUSED_FUNCTION = YES;
				GCC_WARN_UNUSED_VARIABLE = YES;
				MTL_ENABLE_DEBUG_INFO = NO;
				MTL_FAST_MATH = YES;
				PRODUCT_NAME = "$(TARGET_NAME)";
				SWIFT_COMPILATION_MODE = wholemodule;
				SWIFT_OPTIMIZATION_LEVEL = "-O";
				SWIFT_VERSION = 5.0;
			};
			name = Release;
		};
		8DCC156437E2C8D0E5FD4FC4F809B907 /* Debug */ = {
			isa = XCBuildConfiguration;
			buildSettings = {
				CODE_SIGN_ENTITLEMENTS = Apps/Spoonjoy/Shared/Spoonjoy.entitlements;
				COMBINE_HIDPI_IMAGES = YES;
				CURRENT_PROJECT_VERSION = 1;
				GCC_TREAT_WARNINGS_AS_ERRORS = YES;
				GENERATE_INFOPLIST_FILE = NO;
				INFOPLIST_FILE = Apps/Spoonjoy/Shared/Info.plist;
				LD_RUNPATH_SEARCH_PATHS = "$(inherited) @executable_path/../Frameworks";
				MACOSX_DEPLOYMENT_TARGET = 27.0;
				MARKETING_VERSION = 1.0;
				PRODUCT_BUNDLE_IDENTIFIER = app.spoonjoy.Spoonjoy.mac;
				PRODUCT_NAME = Spoonjoy;
				SDKROOT = macosx;
				SWIFT_TREAT_WARNINGS_AS_ERRORS = YES;
				SWIFT_VERSION = 6.0;
			};
			name = Debug;
		};
		9C188A2EC39D79243268FD866D610842 /* BootstrapDebug */ = {
			isa = XCBuildConfiguration;
			buildSettings = {
				ALWAYS_SEARCH_USER_PATHS = NO;
				CLANG_ANALYZER_NONNULL = YES;
				CLANG_ANALYZER_NUMBER_OBJECT_CONVERSION = YES_AGGRESSIVE;
				CLANG_CXX_LANGUAGE_STANDARD = "gnu++14";
				CLANG_CXX_LIBRARY = "libc++";
				CLANG_ENABLE_MODULES = YES;
				CLANG_ENABLE_OBJC_ARC = YES;
				CLANG_ENABLE_OBJC_WEAK = YES;
				CLANG_WARN_BLOCK_CAPTURE_AUTORELEASING = YES;
				CLANG_WARN_BOOL_CONVERSION = YES;
				CLANG_WARN_COMMA = YES;
				CLANG_WARN_CONSTANT_CONVERSION = YES;
				CLANG_WARN_DEPRECATED_OBJC_IMPLEMENTATIONS = YES;
				CLANG_WARN_DIRECT_OBJC_ISA_USAGE = YES_ERROR;
				CLANG_WARN_DOCUMENTATION_COMMENTS = YES;
				CLANG_WARN_EMPTY_BODY = YES;
				CLANG_WARN_ENUM_CONVERSION = YES;
				CLANG_WARN_INFINITE_RECURSION = YES;
				CLANG_WARN_INT_CONVERSION = YES;
				CLANG_WARN_NON_LITERAL_NULL_CONVERSION = YES;
				CLANG_WARN_OBJC_IMPLICIT_RETAIN_SELF = YES;
				CLANG_WARN_OBJC_LITERAL_CONVERSION = YES;
				CLANG_WARN_OBJC_ROOT_CLASS = YES_ERROR;
				CLANG_WARN_QUOTED_INCLUDE_IN_FRAMEWORK_HEADER = YES;
				CLANG_WARN_RANGE_LOOP_ANALYSIS = YES;
				CLANG_WARN_STRICT_PROTOTYPES = YES;
				CLANG_WARN_SUSPICIOUS_MOVE = YES;
				CLANG_WARN_UNGUARDED_AVAILABILITY = YES_AGGRESSIVE;
				CLANG_WARN_UNREACHABLE_CODE = YES;
				CLANG_WARN__DUPLICATE_METHOD_MATCH = YES;
				COPY_PHASE_STRIP = NO;
				DEBUG_INFORMATION_FORMAT = dwarf;
				ENABLE_STRICT_OBJC_MSGSEND = YES;
				ENABLE_TESTABILITY = YES;
				GCC_C_LANGUAGE_STANDARD = gnu11;
				GCC_DYNAMIC_NO_PIC = NO;
				GCC_NO_COMMON_BLOCKS = YES;
				GCC_OPTIMIZATION_LEVEL = 0;
				GCC_PREPROCESSOR_DEFINITIONS = (
					"DEBUG=1",
					"$(inherited)",
				);
				GCC_WARN_64_TO_32_BIT_CONVERSION = YES;
				GCC_WARN_ABOUT_RETURN_TYPE = YES_ERROR;
				GCC_WARN_UNDECLARED_SELECTOR = YES;
				GCC_WARN_UNINITIALIZED_AUTOS = YES_AGGRESSIVE;
				GCC_WARN_UNUSED_FUNCTION = YES;
				GCC_WARN_UNUSED_VARIABLE = YES;
				MTL_ENABLE_DEBUG_INFO = INCLUDE_SOURCE;
				MTL_FAST_MATH = YES;
				ONLY_ACTIVE_ARCH = YES;
				PRODUCT_NAME = "$(TARGET_NAME)";
				SWIFT_ACTIVE_COMPILATION_CONDITIONS = DEBUG;
				SWIFT_OPTIMIZATION_LEVEL = "-Onone";
				SWIFT_VERSION = 5.0;
			};
			name = BootstrapDebug;
		};
		A4BC9906FF94D25D730B1186D0B7030C /* BootstrapDebug */ = {
			isa = XCBuildConfiguration;
			buildSettings = {
				CODE_SIGN_ENTITLEMENTS = Apps/Spoonjoy/Shared/Spoonjoy.entitlements;
				COMBINE_HIDPI_IMAGES = YES;
				CURRENT_PROJECT_VERSION = 1;
				GCC_TREAT_WARNINGS_AS_ERRORS = YES;
				GENERATE_INFOPLIST_FILE = NO;
				INFOPLIST_FILE = Apps/Spoonjoy/Shared/Info.plist;
				LD_RUNPATH_SEARCH_PATHS = "$(inherited) @executable_path/../Frameworks";
				MACOSX_DEPLOYMENT_TARGET = 26.2;
				MARKETING_VERSION = 1.0;
				PRODUCT_BUNDLE_IDENTIFIER = app.spoonjoy.Spoonjoy.mac;
				PRODUCT_NAME = Spoonjoy;
				SDKROOT = macosx;
				SWIFT_TREAT_WARNINGS_AS_ERRORS = YES;
				SWIFT_VERSION = 6.0;
			};
			name = BootstrapDebug;
		};
		ADFED139455A03406456C98719332310 /* Release */ = {
			isa = XCBuildConfiguration;
			buildSettings = {
				CLANG_ENABLE_OBJC_WEAK = NO;
				CODE_SIGN_ENTITLEMENTS = Apps/Spoonjoy/Shared/Spoonjoy.entitlements;
				CURRENT_PROJECT_VERSION = 1;
				GCC_TREAT_WARNINGS_AS_ERRORS = YES;
				GENERATE_INFOPLIST_FILE = NO;
				INFOPLIST_FILE = Apps/Spoonjoy/Shared/Info.plist;
				IPHONEOS_DEPLOYMENT_TARGET = 27.0;
				LD_RUNPATH_SEARCH_PATHS = "$(inherited) @executable_path/Frameworks";
				MARKETING_VERSION = 1.0;
				PRODUCT_BUNDLE_IDENTIFIER = app.spoonjoy.Spoonjoy;
				PRODUCT_NAME = Spoonjoy;
				SDKROOT = iphoneos;
				SWIFT_TREAT_WARNINGS_AS_ERRORS = YES;
				SWIFT_VERSION = 6.0;
				TARGETED_DEVICE_FAMILY = "1,2";
				VALIDATE_PRODUCT = YES;
			};
			name = Release;
		};
		AF455E657900A191C677E0580C371C8E /* BootstrapDebug */ = {
			isa = XCBuildConfiguration;
			buildSettings = {
				CLANG_ENABLE_OBJC_WEAK = NO;
				CODE_SIGN_ENTITLEMENTS = Apps/Spoonjoy/Shared/Spoonjoy.entitlements;
				CURRENT_PROJECT_VERSION = 1;
				GCC_TREAT_WARNINGS_AS_ERRORS = YES;
				GENERATE_INFOPLIST_FILE = NO;
				INFOPLIST_FILE = Apps/Spoonjoy/Shared/Info.plist;
				IPHONEOS_DEPLOYMENT_TARGET = 26.5;
				LD_RUNPATH_SEARCH_PATHS = "$(inherited) @executable_path/Frameworks";
				MARKETING_VERSION = 1.0;
				PRODUCT_BUNDLE_IDENTIFIER = app.spoonjoy.Spoonjoy;
				PRODUCT_NAME = Spoonjoy;
				SDKROOT = iphoneos;
				SWIFT_TREAT_WARNINGS_AS_ERRORS = YES;
				SWIFT_VERSION = 6.0;
				TARGETED_DEVICE_FAMILY = "1,2";
			};
			name = BootstrapDebug;
		};
/* End XCBuildConfiguration section */

/* Begin XCConfigurationList section */
		892AC8826975999E42C907CD1C25A210 /* Build configuration list for PBXNativeTarget "Spoonjoy iOS" */ = {
			isa = XCConfigurationList;
			buildConfigurations = (
				AF455E657900A191C677E0580C371C8E /* BootstrapDebug */,
				2C5295EF9DB46FE93D84627747592CC8 /* Debug */,
				ADFED139455A03406456C98719332310 /* Release */,
			);
			defaultConfigurationIsVisible = 0;
			defaultConfigurationName = Release;
		};
		929EDFBA8BF690CCAEC805926FB8E0E3 /* Build configuration list for PBXNativeTarget "Spoonjoy macOS" */ = {
			isa = XCConfigurationList;
			buildConfigurations = (
				A4BC9906FF94D25D730B1186D0B7030C /* BootstrapDebug */,
				8DCC156437E2C8D0E5FD4FC4F809B907 /* Debug */,
				741D32860DACCA0161323812324D26FF /* Release */,
			);
			defaultConfigurationIsVisible = 0;
			defaultConfigurationName = Release;
		};
		A65174F3380A3FCE787DE5D8D4F17759 /* Build configuration list for PBXProject "Spoonjoy" */ = {
			isa = XCConfigurationList;
			buildConfigurations = (
				9C188A2EC39D79243268FD866D610842 /* BootstrapDebug */,
				228DA311D1A6529990B0C3DA1257FA2A /* Debug */,
				7CB06ECD64F3D22011F65DA279137F75 /* Release */,
			);
			defaultConfigurationIsVisible = 0;
			defaultConfigurationName = Release;
		};
/* End XCConfigurationList section */

/* Begin XCLocalSwiftPackageReference section */
		B25559CBDA0EE2F8D921768ABEBD3CA9 /* XCLocalSwiftPackageReference "." */ = {
			isa = XCLocalSwiftPackageReference;
			relativePath = .;
		};
/* End XCLocalSwiftPackageReference section */

/* Begin XCSwiftPackageProductDependency section */
		5ECEAD511E3A024B617963FEFB1EFAA3 /* SpoonjoyCore */ = {
			isa = XCSwiftPackageProductDependency;
			package = B25559CBDA0EE2F8D921768ABEBD3CA9 /* XCLocalSwiftPackageReference "." */;
			productName = SpoonjoyCore;
		};
		B1F59A47545737EAF9625C2D611CF161 /* SpoonjoyCore */ = {
			isa = XCSwiftPackageProductDependency;
			package = B25559CBDA0EE2F8D921768ABEBD3CA9 /* XCLocalSwiftPackageReference "." */;
			productName = SpoonjoyCore;
		};
/* End XCSwiftPackageProductDependency section */
	};
	rootObject = 561E67053217BB880340D8FBA8E33B11 /* Project object */;
}
