// !$*UTF8*$!
{
	archiveVersion = 1;
	classes = {
	};
	objectVersion = 46;
	objects = {

/* Begin PBXBuildFile section */
		026ACFFD80C1CFA3844D1B2E95A0CF9A /* SpoonjoyCore in Frameworks */ = {isa = PBXBuildFile; productRef = E508332C90DAFEB3FE59BA118EDCF8B5 /* SpoonjoyCore */; };
		04B7108189FB208380AA8D95CA3C5597 /* SpoonjoyAppIntents.swift in Sources */ = {isa = PBXBuildFile; fileRef = 2489C29E58132E1EB407D051A238934F /* SpoonjoyAppIntents.swift */; };
		411B2D112B9E89C1EE3806E1974B5F04 /* Foundation.framework in Frameworks */ = {isa = PBXBuildFile; fileRef = 5DB39BD964DBE29CAB95EC84FC33A1FA /* Foundation.framework */; };
		4AA85D94381365D2AF307991F5D061DD /* SpoonjoySpotlightIndexer.swift in Sources */ = {isa = PBXBuildFile; fileRef = 1E14143A276DC33BAE20AC793DDA214C /* SpoonjoySpotlightIndexer.swift */; };
		6322400848BFB2E45F39A1938023DA7C /* Assets.xcassets in Resources */ = {isa = PBXBuildFile; fileRef = 966DAB3857B95F008D9AB9EBDCB93A41 /* Assets.xcassets */; };
		670C22385021E806552E621663B6FA7B /* SpoonjoyApp.swift in Sources */ = {isa = PBXBuildFile; fileRef = 381148330A6F54E966F247520CE7729B /* SpoonjoyApp.swift */; };
		80BFFC1BB2CFFA76A3B40F540635869D /* SpoonjoyApp.swift in Sources */ = {isa = PBXBuildFile; fileRef = 381148330A6F54E966F247520CE7729B /* SpoonjoyApp.swift */; };
		8D00CEEE396C5206D2DD0A758A3DB482 /* SpoonjoySpotlightIndexer.swift in Sources */ = {isa = PBXBuildFile; fileRef = 1E14143A276DC33BAE20AC793DDA214C /* SpoonjoySpotlightIndexer.swift */; };
		AA67304E6142B56C40368BC134B9F363 /* Cocoa.framework in Frameworks */ = {isa = PBXBuildFile; fileRef = FBF201EACFF0769491D9738830927A39 /* Cocoa.framework */; };
		BD7ED5B4BA12BF66B8A80E25607D2AA4 /* SpoonjoyCore in Frameworks */ = {isa = PBXBuildFile; productRef = 62E80574C7C7BF91BA5DB86613FA8AA4 /* SpoonjoyCore */; };
		D770D9BE16EFA5A86159618A16111FA8 /* SpoonjoyAppIntents.swift in Sources */ = {isa = PBXBuildFile; fileRef = 2489C29E58132E1EB407D051A238934F /* SpoonjoyAppIntents.swift */; };
		D7E745AE4C77D9A815511BCD4664BA0D /* SpoonjoyiOSApp.swift in Sources */ = {isa = PBXBuildFile; fileRef = A0D45E86C7B4214221159500E5BE9B0B /* SpoonjoyiOSApp.swift */; };
		DBB88AAE03046F353143D00473F62226 /* Assets.xcassets in Resources */ = {isa = PBXBuildFile; fileRef = 966DAB3857B95F008D9AB9EBDCB93A41 /* Assets.xcassets */; };
		FB52E44437BD089518A90DB2DC607AE6 /* SpoonjoyMacApp.swift in Sources */ = {isa = PBXBuildFile; fileRef = 58B24DFFAE0A275034686E93E77A29BB /* SpoonjoyMacApp.swift */; };
/* End PBXBuildFile section */

/* Begin PBXFileReference section */
		15DA7FBEAF4BB783AA0F6D6ECD060D22 /* Info.plist */ = {isa = PBXFileReference; includeInIndex = 1; lastKnownFileType = text.plist.xml; path = Info.plist; sourceTree = "<group>"; };
		1E14143A276DC33BAE20AC793DDA214C /* SpoonjoySpotlightIndexer.swift */ = {isa = PBXFileReference; includeInIndex = 1; lastKnownFileType = sourcecode.swift; path = SpoonjoySpotlightIndexer.swift; sourceTree = "<group>"; };
		2489C29E58132E1EB407D051A238934F /* SpoonjoyAppIntents.swift */ = {isa = PBXFileReference; includeInIndex = 1; lastKnownFileType = sourcecode.swift; path = SpoonjoyAppIntents.swift; sourceTree = "<group>"; };
		2E4D205787348B54CEE9FA6A14446717 /* Spoonjoy macOS.app */ = {isa = PBXFileReference; explicitFileType = wrapper.application; includeInIndex = 0; path = "Spoonjoy macOS.app"; sourceTree = BUILT_PRODUCTS_DIR; };
		381148330A6F54E966F247520CE7729B /* SpoonjoyApp.swift */ = {isa = PBXFileReference; includeInIndex = 1; lastKnownFileType = sourcecode.swift; path = SpoonjoyApp.swift; sourceTree = "<group>"; };
		58B24DFFAE0A275034686E93E77A29BB /* SpoonjoyMacApp.swift */ = {isa = PBXFileReference; includeInIndex = 1; lastKnownFileType = sourcecode.swift; path = SpoonjoyMacApp.swift; sourceTree = "<group>"; };
		5DB39BD964DBE29CAB95EC84FC33A1FA /* Foundation.framework */ = {isa = PBXFileReference; lastKnownFileType = wrapper.framework; name = Foundation.framework; path = Platforms/iPhoneOS.platform/Developer/SDKs/iPhoneOS18.0.sdk/System/Library/Frameworks/Foundation.framework; sourceTree = DEVELOPER_DIR; };
		63AB3B552FC5F219E8CEABEE06E3287B /* Spoonjoy iOS.app */ = {isa = PBXFileReference; explicitFileType = wrapper.application; includeInIndex = 0; path = "Spoonjoy iOS.app"; sourceTree = BUILT_PRODUCTS_DIR; };
		692DFDB452FCE5953D17C6C6293F3F7D /* Spoonjoy.entitlements */ = {isa = PBXFileReference; includeInIndex = 1; lastKnownFileType = text.plist.entitlements; path = Spoonjoy.entitlements; sourceTree = "<group>"; };
		966DAB3857B95F008D9AB9EBDCB93A41 /* Assets.xcassets */ = {isa = PBXFileReference; includeInIndex = 1; lastKnownFileType = folder.assetcatalog; path = Assets.xcassets; sourceTree = "<group>"; };
		A0D45E86C7B4214221159500E5BE9B0B /* SpoonjoyiOSApp.swift */ = {isa = PBXFileReference; includeInIndex = 1; lastKnownFileType = sourcecode.swift; path = SpoonjoyiOSApp.swift; sourceTree = "<group>"; };
		FBF201EACFF0769491D9738830927A39 /* Cocoa.framework */ = {isa = PBXFileReference; lastKnownFileType = wrapper.framework; name = Cocoa.framework; path = Platforms/MacOSX.platform/Developer/SDKs/MacOSX15.0.sdk/System/Library/Frameworks/Cocoa.framework; sourceTree = DEVELOPER_DIR; };
/* End PBXFileReference section */

/* Begin PBXFrameworksBuildPhase section */
		5F049E567BC141EA4E9CAF5A33D926AA /* Frameworks */ = {
			isa = PBXFrameworksBuildPhase;
			buildActionMask = 2147483647;
			files = (
				AA67304E6142B56C40368BC134B9F363 /* Cocoa.framework in Frameworks */,
				026ACFFD80C1CFA3844D1B2E95A0CF9A /* SpoonjoyCore in Frameworks */,
			);
			runOnlyForDeploymentPostprocessing = 0;
		};
		F3C63F764BFD8233784E683C5A1A9701 /* Frameworks */ = {
			isa = PBXFrameworksBuildPhase;
			buildActionMask = 2147483647;
			files = (
				411B2D112B9E89C1EE3806E1974B5F04 /* Foundation.framework in Frameworks */,
				BD7ED5B4BA12BF66B8A80E25607D2AA4 /* SpoonjoyCore in Frameworks */,
			);
			runOnlyForDeploymentPostprocessing = 0;
		};
/* End PBXFrameworksBuildPhase section */

/* Begin PBXGroup section */
		080CCF0CD58814D5FA935B115E3B6445 /* Native */ = {
			isa = PBXGroup;
			children = (
				2489C29E58132E1EB407D051A238934F /* SpoonjoyAppIntents.swift */,
				1E14143A276DC33BAE20AC793DDA214C /* SpoonjoySpotlightIndexer.swift */,
			);
			name = Native;
			path = Native;
			sourceTree = "<group>";
		};
		582C48FE2A29D5958C347286A575B3FA /* iOS */ = {
			isa = PBXGroup;
			children = (
				A0D45E86C7B4214221159500E5BE9B0B /* SpoonjoyiOSApp.swift */,
			);
			name = iOS;
			path = iOS;
			sourceTree = "<group>";
		};
		5CEC7907A1E07F8B138170C59A17A93B = {
			isa = PBXGroup;
			children = (
				D79C7F947CB66D3593E686E43B916648 /* Apps */,
				A9A234D4B8ADF181B6D2E2AED395F22F /* Frameworks */,
				F6101C35A87BE4A7C6B71AFEFE983577 /* Products */,
			);
			sourceTree = "<group>";
		};
		65FE15192BF77DB1B702F207E968D709 /* Spoonjoy */ = {
			isa = PBXGroup;
			children = (
				582C48FE2A29D5958C347286A575B3FA /* iOS */,
				9E0038D87C9C975DEDE72D5BC70DBCF8 /* macOS */,
				F437E576854536CA7644DC028D7F8298 /* Shared */,
			);
			name = Spoonjoy;
			path = Spoonjoy;
			sourceTree = "<group>";
		};
		9A3446E5AD28E81112B548D2EC408AD3 /* iOS */ = {
			isa = PBXGroup;
			children = (
				5DB39BD964DBE29CAB95EC84FC33A1FA /* Foundation.framework */,
			);
			name = iOS;
			sourceTree = "<group>";
		};
		9E0038D87C9C975DEDE72D5BC70DBCF8 /* macOS */ = {
			isa = PBXGroup;
			children = (
				58B24DFFAE0A275034686E93E77A29BB /* SpoonjoyMacApp.swift */,
			);
			name = macOS;
			path = macOS;
			sourceTree = "<group>";
		};
		A9A234D4B8ADF181B6D2E2AED395F22F /* Frameworks */ = {
			isa = PBXGroup;
			children = (
				9A3446E5AD28E81112B548D2EC408AD3 /* iOS */,
				C57392AD2B279103D83DACC3BD7E12BC /* OS X */,
			);
			name = Frameworks;
			sourceTree = "<group>";
		};
		C57392AD2B279103D83DACC3BD7E12BC /* OS X */ = {
			isa = PBXGroup;
			children = (
				FBF201EACFF0769491D9738830927A39 /* Cocoa.framework */,
			);
			name = "OS X";
			sourceTree = "<group>";
		};
		D79C7F947CB66D3593E686E43B916648 /* Apps */ = {
			isa = PBXGroup;
			children = (
				65FE15192BF77DB1B702F207E968D709 /* Spoonjoy */,
			);
			name = Apps;
			path = Apps;
			sourceTree = "<group>";
		};
		F437E576854536CA7644DC028D7F8298 /* Shared */ = {
			isa = PBXGroup;
			children = (
				966DAB3857B95F008D9AB9EBDCB93A41 /* Assets.xcassets */,
				15DA7FBEAF4BB783AA0F6D6ECD060D22 /* Info.plist */,
				080CCF0CD58814D5FA935B115E3B6445 /* Native */,
				692DFDB452FCE5953D17C6C6293F3F7D /* Spoonjoy.entitlements */,
				381148330A6F54E966F247520CE7729B /* SpoonjoyApp.swift */,
			);
			name = Shared;
			path = Shared;
			sourceTree = "<group>";
		};
		F6101C35A87BE4A7C6B71AFEFE983577 /* Products */ = {
			isa = PBXGroup;
			children = (
				63AB3B552FC5F219E8CEABEE06E3287B /* Spoonjoy iOS.app */,
				2E4D205787348B54CEE9FA6A14446717 /* Spoonjoy macOS.app */,
			);
			name = Products;
			sourceTree = "<group>";
		};
/* End PBXGroup section */

/* Begin PBXNativeTarget section */
		6CE6777C63E4FE15781A786F4F58A7FB /* Spoonjoy macOS */ = {
			isa = PBXNativeTarget;
			buildConfigurationList = 2381F70F06A959B0838919F96DF1926E /* Build configuration list for PBXNativeTarget "Spoonjoy macOS" */;
			buildPhases = (
				6E41EB9A2CD3EB4E97B695BDD79A90A8 /* Sources */,
				5F049E567BC141EA4E9CAF5A33D926AA /* Frameworks */,
				060CB238679C4AD59231F9EFE2D2BF84 /* Resources */,
			);
			buildRules = (
			);
			dependencies = (
			);
			name = "Spoonjoy macOS";
			packageProductDependencies = (
				E508332C90DAFEB3FE59BA118EDCF8B5 /* SpoonjoyCore */,
			);
			productName = "Spoonjoy macOS";
			productReference = 2E4D205787348B54CEE9FA6A14446717 /* Spoonjoy macOS.app */;
			productType = "com.apple.product-type.application";
		};
		B2BB23AE8629624971E2F9586C5516B1 /* Spoonjoy iOS */ = {
			isa = PBXNativeTarget;
			buildConfigurationList = 99DDBA402EF6193CB9AEB4D98398A1FE /* Build configuration list for PBXNativeTarget "Spoonjoy iOS" */;
			buildPhases = (
				97BEB91DEAB69F14227C7C4F64BF9C58 /* Sources */,
				F3C63F764BFD8233784E683C5A1A9701 /* Frameworks */,
				A5F49B40AF531232E7D4E0792F7AD25F /* Resources */,
			);
			buildRules = (
			);
			dependencies = (
			);
			name = "Spoonjoy iOS";
			packageProductDependencies = (
				62E80574C7C7BF91BA5DB86613FA8AA4 /* SpoonjoyCore */,
			);
			productName = "Spoonjoy iOS";
			productReference = 63AB3B552FC5F219E8CEABEE06E3287B /* Spoonjoy iOS.app */;
			productType = "com.apple.product-type.application";
		};
/* End PBXNativeTarget section */

/* Begin PBXProject section */
		561E67053217BB880340D8FBA8E33B11 /* Project object */ = {
			isa = PBXProject;
			attributes = {
				LastSwiftUpdateCheck = 1600;
				LastUpgradeCheck = 1600;
			};
			buildConfigurationList = A65174F3380A3FCE787DE5D8D4F17759 /* Build configuration list for PBXProject "Spoonjoy" */;
			compatibilityVersion = "Xcode 3.2";
			developmentRegion = en;
			hasScannedForEncodings = 0;
			knownRegions = (
				en,
				Base,
			);
			mainGroup = 5CEC7907A1E07F8B138170C59A17A93B;
			minimizedProjectReferenceProxies = 0;
			packageReferences = (
				29E658432D615F7DEA5722315FF96310 /* XCLocalSwiftPackageReference "." */,
			);
			preferredProjectObjectVersion = 77;
			productRefGroup = F6101C35A87BE4A7C6B71AFEFE983577 /* Products */;
			projectDirPath = "";
			projectRoot = "";
			targets = (
				B2BB23AE8629624971E2F9586C5516B1 /* Spoonjoy iOS */,
				6CE6777C63E4FE15781A786F4F58A7FB /* Spoonjoy macOS */,
			);
		};
/* End PBXProject section */

/* Begin PBXResourcesBuildPhase section */
		060CB238679C4AD59231F9EFE2D2BF84 /* Resources */ = {
			isa = PBXResourcesBuildPhase;
			buildActionMask = 2147483647;
			files = (
				6322400848BFB2E45F39A1938023DA7C /* Assets.xcassets in Resources */,
			);
			runOnlyForDeploymentPostprocessing = 0;
		};
		A5F49B40AF531232E7D4E0792F7AD25F /* Resources */ = {
			isa = PBXResourcesBuildPhase;
			buildActionMask = 2147483647;
			files = (
				DBB88AAE03046F353143D00473F62226 /* Assets.xcassets in Resources */,
			);
			runOnlyForDeploymentPostprocessing = 0;
		};
/* End PBXResourcesBuildPhase section */

/* Begin PBXSourcesBuildPhase section */
		6E41EB9A2CD3EB4E97B695BDD79A90A8 /* Sources */ = {
			isa = PBXSourcesBuildPhase;
			buildActionMask = 2147483647;
			files = (
				670C22385021E806552E621663B6FA7B /* SpoonjoyApp.swift in Sources */,
				04B7108189FB208380AA8D95CA3C5597 /* SpoonjoyAppIntents.swift in Sources */,
				FB52E44437BD089518A90DB2DC607AE6 /* SpoonjoyMacApp.swift in Sources */,
				8D00CEEE396C5206D2DD0A758A3DB482 /* SpoonjoySpotlightIndexer.swift in Sources */,
			);
			runOnlyForDeploymentPostprocessing = 0;
		};
		97BEB91DEAB69F14227C7C4F64BF9C58 /* Sources */ = {
			isa = PBXSourcesBuildPhase;
			buildActionMask = 2147483647;
			files = (
				80BFFC1BB2CFFA76A3B40F540635869D /* SpoonjoyApp.swift in Sources */,
				D770D9BE16EFA5A86159618A16111FA8 /* SpoonjoyAppIntents.swift in Sources */,
				D7E745AE4C77D9A815511BCD4664BA0D /* SpoonjoyiOSApp.swift in Sources */,
				4AA85D94381365D2AF307991F5D061DD /* SpoonjoySpotlightIndexer.swift in Sources */,
			);
			runOnlyForDeploymentPostprocessing = 0;
		};
/* End PBXSourcesBuildPhase section */

/* Begin XCBuildConfiguration section */
		1CF829FB77F2F4CAE9099630A7CCA82C /* Release */ = {
			isa = XCBuildConfiguration;
			buildSettings = {
				ASSETCATALOG_COMPILER_APPICON_NAME = AppIcon;
				ASSETCATALOG_COMPILER_GLOBAL_ACCENT_COLOR_NAME = AccentColor;
				CLANG_ENABLE_OBJC_WEAK = NO;
				CODE_SIGN_ENTITLEMENTS = Apps/Spoonjoy/Shared/Spoonjoy.entitlements;
				CURRENT_PROJECT_VERSION = 1;
				GCC_TREAT_WARNINGS_AS_ERRORS = YES;
				GENERATE_INFOPLIST_FILE = NO;
				INFOPLIST_FILE = Apps/Spoonjoy/Shared/Info.plist;
				IPHONEOS_DEPLOYMENT_TARGET = 27.0;
				LD_RUNPATH_SEARCH_PATHS = "$(inherited) @executable_path/Frameworks";
				MARKETING_VERSION = 1.0;
				PRODUCT_BUNDLE_IDENTIFIER = app.spoonjoy.Spoonjoy;
				PRODUCT_NAME = Spoonjoy;
				SDKROOT = iphoneos;
				SWIFT_TREAT_WARNINGS_AS_ERRORS = YES;
				SWIFT_VERSION = 6.0;
				TARGETED_DEVICE_FAMILY = "1,2";
				VALIDATE_PRODUCT = YES;
			};
			name = Release;
		};
		228DA311D1A6529990B0C3DA1257FA2A /* Debug */ = {
			isa = XCBuildConfiguration;
			buildSettings = {
				ALWAYS_SEARCH_USER_PATHS = NO;
				CLANG_ANALYZER_NONNULL = YES;
				CLANG_ANALYZER_NUMBER_OBJECT_CONVERSION = YES_AGGRESSIVE;
				CLANG_CXX_LANGUAGE_STANDARD = "gnu++14";
				CLANG_CXX_LIBRARY = "libc++";
				CLANG_ENABLE_MODULES = YES;
				CLANG_ENABLE_OBJC_ARC = YES;
				CLANG_ENABLE_OBJC_WEAK = YES;
				CLANG_WARN_BLOCK_CAPTURE_AUTORELEASING = YES;
				CLANG_WARN_BOOL_CONVERSION = YES;
				CLANG_WARN_COMMA = YES;
				CLANG_WARN_CONSTANT_CONVERSION = YES;
				CLANG_WARN_DEPRECATED_OBJC_IMPLEMENTATIONS = YES;
				CLANG_WARN_DIRECT_OBJC_ISA_USAGE = YES_ERROR;
				CLANG_WARN_DOCUMENTATION_COMMENTS = YES;
				CLANG_WARN_EMPTY_BODY = YES;
				CLANG_WARN_ENUM_CONVERSION = YES;
				CLANG_WARN_INFINITE_RECURSION = YES;
				CLANG_WARN_INT_CONVERSION = YES;
				CLANG_WARN_NON_LITERAL_NULL_CONVERSION = YES;
				CLANG_WARN_OBJC_IMPLICIT_RETAIN_SELF = YES;
				CLANG_WARN_OBJC_LITERAL_CONVERSION = YES;
				CLANG_WARN_OBJC_ROOT_CLASS = YES_ERROR;
				CLANG_WARN_QUOTED_INCLUDE_IN_FRAMEWORK_HEADER = YES;
				CLANG_WARN_RANGE_LOOP_ANALYSIS = YES;
				CLANG_WARN_STRICT_PROTOTYPES = YES;
				CLANG_WARN_SUSPICIOUS_MOVE = YES;
				CLANG_WARN_UNGUARDED_AVAILABILITY = YES_AGGRESSIVE;
				CLANG_WARN_UNREACHABLE_CODE = YES;
				CLANG_WARN__DUPLICATE_METHOD_MATCH = YES;
				COPY_PHASE_STRIP = NO;
				DEBUG_INFORMATION_FORMAT = dwarf;
				ENABLE_STRICT_OBJC_MSGSEND = YES;
				ENABLE_TESTABILITY = YES;
				GCC_C_LANGUAGE_STANDARD = gnu11;
				GCC_DYNAMIC_NO_PIC = NO;
				GCC_NO_COMMON_BLOCKS = YES;
				GCC_OPTIMIZATION_LEVEL = 0;
				GCC_PREPROCESSOR_DEFINITIONS = (
					"DEBUG=1",
					"$(inherited)",
				);
				GCC_WARN_64_TO_32_BIT_CONVERSION = YES;
				GCC_WARN_ABOUT_RETURN_TYPE = YES_ERROR;
				GCC_WARN_UNDECLARED_SELECTOR = YES;
				GCC_WARN_UNINITIALIZED_AUTOS = YES_AGGRESSIVE;
				GCC_WARN_UNUSED_FUNCTION = YES;
				GCC_WARN_UNUSED_VARIABLE = YES;
				MTL_ENABLE_DEBUG_INFO = INCLUDE_SOURCE;
				MTL_FAST_MATH = YES;
				ONLY_ACTIVE_ARCH = YES;
				PRODUCT_NAME = "$(TARGET_NAME)";
				SWIFT_ACTIVE_COMPILATION_CONDITIONS = DEBUG;
				SWIFT_OPTIMIZATION_LEVEL = "-Onone";
				SWIFT_VERSION = 5.0;
			};
			name = Debug;
		};
		47DDF3C776E972066577EF8CE2E5F336 /* Release */ = {
			isa = XCBuildConfiguration;
			buildSettings = {
				ASSETCATALOG_COMPILER_APPICON_NAME = AppIcon;
				ASSETCATALOG_COMPILER_GLOBAL_ACCENT_COLOR_NAME = AccentColor;
				CODE_SIGN_ENTITLEMENTS = Apps/Spoonjoy/Shared/Spoonjoy.entitlements;
				COMBINE_HIDPI_IMAGES = YES;
				CURRENT_PROJECT_VERSION = 1;
				GCC_TREAT_WARNINGS_AS_ERRORS = YES;
				GENERATE_INFOPLIST_FILE = NO;
				INFOPLIST_FILE = Apps/Spoonjoy/Shared/Info.plist;
				LD_RUNPATH_SEARCH_PATHS = "$(inherited) @executable_path/../Frameworks";
				MACOSX_DEPLOYMENT_TARGET = 27.0;
				MARKETING_VERSION = 1.0;
				PRODUCT_BUNDLE_IDENTIFIER = app.spoonjoy.Spoonjoy.mac;
				PRODUCT_NAME = Spoonjoy;
				SDKROOT = macosx;
				SWIFT_TREAT_WARNINGS_AS_ERRORS = YES;
				SWIFT_VERSION = 6.0;
			};
			name = Release;
		};
		5ACB3EE434DCADAFA5D7D46C9461F461 /* Debug */ = {
			isa = XCBuildConfiguration;
			buildSettings = {
				ASSETCATALOG_COMPILER_APPICON_NAME = AppIcon;
				ASSETCATALOG_COMPILER_GLOBAL_ACCENT_COLOR_NAME = AccentColor;
				CLANG_ENABLE_OBJC_WEAK = NO;
				CODE_SIGN_ENTITLEMENTS = Apps/Spoonjoy/Shared/Spoonjoy.entitlements;
				CURRENT_PROJECT_VERSION = 1;
				GCC_TREAT_WARNINGS_AS_ERRORS = YES;
				GENERATE_INFOPLIST_FILE = NO;
				INFOPLIST_FILE = Apps/Spoonjoy/Shared/Info.plist;
				IPHONEOS_DEPLOYMENT_TARGET = 27.0;
				LD_RUNPATH_SEARCH_PATHS = "$(inherited) @executable_path/Frameworks";
				MARKETING_VERSION = 1.0;
				PRODUCT_BUNDLE_IDENTIFIER = app.spoonjoy.Spoonjoy;
				PRODUCT_NAME = Spoonjoy;
				SDKROOT = iphoneos;
				SWIFT_TREAT_WARNINGS_AS_ERRORS = YES;
				SWIFT_VERSION = 6.0;
				TARGETED_DEVICE_FAMILY = "1,2";
			};
			name = Debug;
		};
		5ECA1F16351556000B2D98079477201B /* BootstrapDebug */ = {
			isa = XCBuildConfiguration;
			buildSettings = {
				ASSETCATALOG_COMPILER_APPICON_NAME = AppIcon;
				ASSETCATALOG_COMPILER_GLOBAL_ACCENT_COLOR_NAME = AccentColor;
				CLANG_ENABLE_OBJC_WEAK = NO;
				CODE_SIGN_ENTITLEMENTS = Apps/Spoonjoy/Shared/Spoonjoy.entitlements;
				CURRENT_PROJECT_VERSION = 1;
				GCC_TREAT_WARNINGS_AS_ERRORS = YES;
				GENERATE_INFOPLIST_FILE = NO;
				INFOPLIST_FILE = Apps/Spoonjoy/Shared/Info.plist;
				IPHONEOS_DEPLOYMENT_TARGET = 26.5;
				LD_RUNPATH_SEARCH_PATHS = "$(inherited) @executable_path/Frameworks";
				MARKETING_VERSION = 1.0;
				PRODUCT_BUNDLE_IDENTIFIER = app.spoonjoy.Spoonjoy;
				PRODUCT_NAME = Spoonjoy;
				SDKROOT = iphoneos;
				SWIFT_TREAT_WARNINGS_AS_ERRORS = YES;
				SWIFT_VERSION = 6.0;
				TARGETED_DEVICE_FAMILY = "1,2";
			};
			name = BootstrapDebug;
		};
		7CB06ECD64F3D22011F65DA279137F75 /* Release */ = {
			isa = XCBuildConfiguration;
			buildSettings = {
				ALWAYS_SEARCH_USER_PATHS = NO;
				CLANG_ANALYZER_NONNULL = YES;
				CLANG_ANALYZER_NUMBER_OBJECT_CONVERSION = YES_AGGRESSIVE;
				CLANG_CXX_LANGUAGE_STANDARD = "gnu++14";
				CLANG_CXX_LIBRARY = "libc++";
				CLANG_ENABLE_MODULES = YES;
				CLANG_ENABLE_OBJC_ARC = YES;
				CLANG_ENABLE_OBJC_WEAK = YES;
				CLANG_WARN_BLOCK_CAPTURE_AUTORELEASING = YES;
				CLANG_WARN_BOOL_CONVERSION = YES;
				CLANG_WARN_COMMA = YES;
				CLANG_WARN_CONSTANT_CONVERSION = YES;
				CLANG_WARN_DEPRECATED_OBJC_IMPLEMENTATIONS = YES;
				CLANG_WARN_DIRECT_OBJC_ISA_USAGE = YES_ERROR;
				CLANG_WARN_DOCUMENTATION_COMMENTS = YES;
				CLANG_WARN_EMPTY_BODY = YES;
				CLANG_WARN_ENUM_CONVERSION = YES;
				CLANG_WARN_INFINITE_RECURSION = YES;
				CLANG_WARN_INT_CONVERSION = YES;
				CLANG_WARN_NON_LITERAL_NULL_CONVERSION = YES;
				CLANG_WARN_OBJC_IMPLICIT_RETAIN_SELF = YES;
				CLANG_WARN_OBJC_LITERAL_CONVERSION = YES;
				CLANG_WARN_OBJC_ROOT_CLASS = YES_ERROR;
				CLANG_WARN_QUOTED_INCLUDE_IN_FRAMEWORK_HEADER = YES;
				CLANG_WARN_RANGE_LOOP_ANALYSIS = YES;
				CLANG_WARN_STRICT_PROTOTYPES = YES;
				CLANG_WARN_SUSPICIOUS_MOVE = YES;
				CLANG_WARN_UNGUARDED_AVAILABILITY = YES_AGGRESSIVE;
				CLANG_WARN_UNREACHABLE_CODE = YES;
				CLANG_WARN__DUPLICATE_METHOD_MATCH = YES;
				COPY_PHASE_STRIP = NO;
				DEBUG_INFORMATION_FORMAT = "dwarf-with-dsym";
				ENABLE_NS_ASSERTIONS = NO;
				ENABLE_STRICT_OBJC_MSGSEND = YES;
				GCC_C_LANGUAGE_STANDARD = gnu11;
				GCC_NO_COMMON_BLOCKS = YES;
				GCC_WARN_64_TO_32_BIT_CONVERSION = YES;
				GCC_WARN_ABOUT_RETURN_TYPE = YES_ERROR;
				GCC_WARN_UNDECLARED_SELECTOR = YES;
				GCC_WARN_UNINITIALIZED_AUTOS = YES_AGGRESSIVE;
				GCC_WARN_UNUSED_FUNCTION = YES;
				GCC_WARN_UNUSED_VARIABLE = YES;
				MTL_ENABLE_DEBUG_INFO = NO;
				MTL_FAST_MATH = YES;
				PRODUCT_NAME = "$(TARGET_NAME)";
				SWIFT_COMPILATION_MODE = wholemodule;
				SWIFT_OPTIMIZATION_LEVEL = "-O";
				SWIFT_VERSION = 5.0;
			};
			name = Release;
		};
		9C188A2EC39D79243268FD866D610842 /* BootstrapDebug */ = {
			isa = XCBuildConfiguration;
			buildSettings = {
				ALWAYS_SEARCH_USER_PATHS = NO;
				CLANG_ANALYZER_NONNULL = YES;
				CLANG_ANALYZER_NUMBER_OBJECT_CONVERSION = YES_AGGRESSIVE;
				CLANG_CXX_LANGUAGE_STANDARD = "gnu++14";
				CLANG_CXX_LIBRARY = "libc++";
				CLANG_ENABLE_MODULES = YES;
				CLANG_ENABLE_OBJC_ARC = YES;
				CLANG_ENABLE_OBJC_WEAK = YES;
				CLANG_WARN_BLOCK_CAPTURE_AUTORELEASING = YES;
				CLANG_WARN_BOOL_CONVERSION = YES;
				CLANG_WARN_COMMA = YES;
				CLANG_WARN_CONSTANT_CONVERSION = YES;
				CLANG_WARN_DEPRECATED_OBJC_IMPLEMENTATIONS = YES;
				CLANG_WARN_DIRECT_OBJC_ISA_USAGE = YES_ERROR;
				CLANG_WARN_DOCUMENTATION_COMMENTS = YES;
				CLANG_WARN_EMPTY_BODY = YES;
				CLANG_WARN_ENUM_CONVERSION = YES;
				CLANG_WARN_INFINITE_RECURSION = YES;
				CLANG_WARN_INT_CONVERSION = YES;
				CLANG_WARN_NON_LITERAL_NULL_CONVERSION = YES;
				CLANG_WARN_OBJC_IMPLICIT_RETAIN_SELF = YES;
				CLANG_WARN_OBJC_LITERAL_CONVERSION = YES;
				CLANG_WARN_OBJC_ROOT_CLASS = YES_ERROR;
				CLANG_WARN_QUOTED_INCLUDE_IN_FRAMEWORK_HEADER = YES;
				CLANG_WARN_RANGE_LOOP_ANALYSIS = YES;
				CLANG_WARN_STRICT_PROTOTYPES = YES;
				CLANG_WARN_SUSPICIOUS_MOVE = YES;
				CLANG_WARN_UNGUARDED_AVAILABILITY = YES_AGGRESSIVE;
				CLANG_WARN_UNREACHABLE_CODE = YES;
				CLANG_WARN__DUPLICATE_METHOD_MATCH = YES;
				COPY_PHASE_STRIP = NO;
				DEBUG_INFORMATION_FORMAT = dwarf;
				ENABLE_STRICT_OBJC_MSGSEND = YES;
				ENABLE_TESTABILITY = YES;
				GCC_C_LANGUAGE_STANDARD = gnu11;
				GCC_DYNAMIC_NO_PIC = NO;
				GCC_NO_COMMON_BLOCKS = YES;
				GCC_OPTIMIZATION_LEVEL = 0;
				GCC_PREPROCESSOR_DEFINITIONS = (
					"DEBUG=1",
					"$(inherited)",
				);
				GCC_WARN_64_TO_32_BIT_CONVERSION = YES;
				GCC_WARN_ABOUT_RETURN_TYPE = YES_ERROR;
				GCC_WARN_UNDECLARED_SELECTOR = YES;
				GCC_WARN_UNINITIALIZED_AUTOS = YES_AGGRESSIVE;
				GCC_WARN_UNUSED_FUNCTION = YES;
				GCC_WARN_UNUSED_VARIABLE = YES;
				MTL_ENABLE_DEBUG_INFO = INCLUDE_SOURCE;
				MTL_FAST_MATH = YES;
				ONLY_ACTIVE_ARCH = YES;
				PRODUCT_NAME = "$(TARGET_NAME)";
				SWIFT_ACTIVE_COMPILATION_CONDITIONS = DEBUG;
				SWIFT_OPTIMIZATION_LEVEL = "-Onone";
				SWIFT_VERSION = 5.0;
			};
			name = BootstrapDebug;
		};
		D724AFE403D7A37C3AF7035CF1234DF1 /* BootstrapDebug */ = {
			isa = XCBuildConfiguration;
			buildSettings = {
				ASSETCATALOG_COMPILER_APPICON_NAME = AppIcon;
				ASSETCATALOG_COMPILER_GLOBAL_ACCENT_COLOR_NAME = AccentColor;
				CODE_SIGN_ENTITLEMENTS = Apps/Spoonjoy/Shared/Spoonjoy.entitlements;
				COMBINE_HIDPI_IMAGES = YES;
				CURRENT_PROJECT_VERSION = 1;
				GCC_TREAT_WARNINGS_AS_ERRORS = YES;
				GENERATE_INFOPLIST_FILE = NO;
				INFOPLIST_FILE = Apps/Spoonjoy/Shared/Info.plist;
				LD_RUNPATH_SEARCH_PATHS = "$(inherited) @executable_path/../Frameworks";
				MACOSX_DEPLOYMENT_TARGET = 26.2;
				MARKETING_VERSION = 1.0;
				PRODUCT_BUNDLE_IDENTIFIER = app.spoonjoy.Spoonjoy.mac;
				PRODUCT_NAME = Spoonjoy;
				SDKROOT = macosx;
				SWIFT_TREAT_WARNINGS_AS_ERRORS = YES;
				SWIFT_VERSION = 6.0;
			};
			name = BootstrapDebug;
		};
		F02445C16BC7C76ECD9AFEDC1D3B362C /* Debug */ = {
			isa = XCBuildConfiguration;
			buildSettings = {
				ASSETCATALOG_COMPILER_APPICON_NAME = AppIcon;
				ASSETCATALOG_COMPILER_GLOBAL_ACCENT_COLOR_NAME = AccentColor;
				CODE_SIGN_ENTITLEMENTS = Apps/Spoonjoy/Shared/Spoonjoy.entitlements;
				COMBINE_HIDPI_IMAGES = YES;
				CURRENT_PROJECT_VERSION = 1;
				GCC_TREAT_WARNINGS_AS_ERRORS = YES;
				GENERATE_INFOPLIST_FILE = NO;
				INFOPLIST_FILE = Apps/Spoonjoy/Shared/Info.plist;
				LD_RUNPATH_SEARCH_PATHS = "$(inherited) @executable_path/../Frameworks";
				MACOSX_DEPLOYMENT_TARGET = 27.0;
				MARKETING_VERSION = 1.0;
				PRODUCT_BUNDLE_IDENTIFIER = app.spoonjoy.Spoonjoy.mac;
				PRODUCT_NAME = Spoonjoy;
				SDKROOT = macosx;
				SWIFT_TREAT_WARNINGS_AS_ERRORS = YES;
				SWIFT_VERSION = 6.0;
			};
			name = Debug;
		};
/* End XCBuildConfiguration section */

/* Begin XCConfigurationList section */
		2381F70F06A959B0838919F96DF1926E /* Build configuration list for PBXNativeTarget "Spoonjoy macOS" */ = {
			isa = XCConfigurationList;
			buildConfigurations = (
				D724AFE403D7A37C3AF7035CF1234DF1 /* BootstrapDebug */,
				F02445C16BC7C76ECD9AFEDC1D3B362C /* Debug */,
				47DDF3C776E972066577EF8CE2E5F336 /* Release */,
			);
			defaultConfigurationIsVisible = 0;
			defaultConfigurationName = Release;
		};
		99DDBA402EF6193CB9AEB4D98398A1FE /* Build configuration list for PBXNativeTarget "Spoonjoy iOS" */ = {
			isa = XCConfigurationList;
			buildConfigurations = (
				5ECA1F16351556000B2D98079477201B /* BootstrapDebug */,
				5ACB3EE434DCADAFA5D7D46C9461F461 /* Debug */,
				1CF829FB77F2F4CAE9099630A7CCA82C /* Release */,
			);
			defaultConfigurationIsVisible = 0;
			defaultConfigurationName = Release;
		};
		A65174F3380A3FCE787DE5D8D4F17759 /* Build configuration list for PBXProject "Spoonjoy" */ = {
			isa = XCConfigurationList;
			buildConfigurations = (
				9C188A2EC39D79243268FD866D610842 /* BootstrapDebug */,
				228DA311D1A6529990B0C3DA1257FA2A /* Debug */,
				7CB06ECD64F3D22011F65DA279137F75 /* Release */,
			);
			defaultConfigurationIsVisible = 0;
			defaultConfigurationName = Release;
		};
/* End XCConfigurationList section */

/* Begin XCLocalSwiftPackageReference section */
		29E658432D615F7DEA5722315FF96310 /* XCLocalSwiftPackageReference "." */ = {
			isa = XCLocalSwiftPackageReference;
			relativePath = .;
		};
/* End XCLocalSwiftPackageReference section */

/* Begin XCSwiftPackageProductDependency section */
		62E80574C7C7BF91BA5DB86613FA8AA4 /* SpoonjoyCore */ = {
			isa = XCSwiftPackageProductDependency;
			package = 29E658432D615F7DEA5722315FF96310 /* XCLocalSwiftPackageReference "." */;
			productName = SpoonjoyCore;
		};
		E508332C90DAFEB3FE59BA118EDCF8B5 /* SpoonjoyCore */ = {
			isa = XCSwiftPackageProductDependency;
			package = 29E658432D615F7DEA5722315FF96310 /* XCLocalSwiftPackageReference "." */;
			productName = SpoonjoyCore;
		};
/* End XCSwiftPackageProductDependency section */
	};
	rootObject = 561E67053217BB880340D8FBA8E33B11 /* Project object */;
}
